
Microsoft Visual Studio Solution File, Format Version 12.00
# Visual Studio 15
VisualStudioVersion = 15.0.28010.2003
MinimumVisualStudioVersion = 15.0.26124.0
Project("{9A19103F-16F7-4668-BE54-9A1E7A4F7556}") = "SolarLunarName.Standard", "SolarLunarName\SolarLunarName.Standard\SolarLunarName.Standard.csproj", "{037E9C59-42CB-45CC-B9B0-250050BAC787}"
EndProject
Project("{9A19103F-16F7-4668-BE54-9A1E7A4F7556}") = "SolarLunarName.PoSH", "SolarLunarName\SolarLunarName.PoSH\SolarLunarName.PoSH.csproj", "{A73FFBD5-A715-414C-AF46-DB37E610546C}"
EndProject
Project("{6EC3EE1D-3C4E-46DD-8F32-0CC8E7565705}") = "SolarLunarName.Web.Server", "SolarLunarName\SolarLunarName.Web.Server\SolarLunarName.Web.Server.fsproj", "{4E2AA925-4694-4593-ADBC-F349D269587A}"
EndProject
Project("{6EC3EE1D-3C4E-46DD-8F32-0CC8E7565705}") = "SolarLunarName.Web.Client", "SolarLunarName\SolarLunarName.Web.Client\SolarLunarName.Web.Client.fsproj", "{1481BBD6-A6DA-4912-A03A-134880D14701}"
EndProject
Project("{9A19103F-16F7-4668-BE54-9A1E7A4F7556}") = "SolarLunarName.Standard.Tests", "SolarLunarName\SolarLunarName.Standard.Tests\SolarLunarName.Standard.Tests.csproj", "{F26BD804-8DF3-4647-A15C-7BE30252139B}"
EndProject
Project("{9A19103F-16F7-4668-BE54-9A1E7A4F7556}") = "SolarLunarName.SharedTypes", "SolarLunarName\SolarLunarName.SharedTypes\SolarLunarName.SharedTypes.csproj", "{26F845B1-E9D6-433A-B2A1-C2E38F59DBFE}"
EndProject
Project("{9A19103F-16F7-4668-BE54-9A1E7A4F7556}") = "SolarLunarName.SharedTypes.Tests", "SolarLunarName\SolarLunarName.SharedTypes.Tests\SolarLunarName.SharedTypes.Tests.csproj", "{67693330-9862-464F-8206-4C791D7A55F0}"
EndProject
Global
	GlobalSection(SolutionConfigurationPlatforms) = preSolution
		Ad-Hoc|Any CPU = Ad-Hoc|Any CPU
		Ad-Hoc|ARM = Ad-Hoc|ARM
		Ad-Hoc|iPhone = Ad-Hoc|iPhone
		Ad-Hoc|iPhoneSimulator = Ad-Hoc|iPhoneSimulator
		Ad-Hoc|x64 = Ad-Hoc|x64
		Ad-Hoc|x86 = Ad-Hoc|x86
		AppStore|Any CPU = AppStore|Any CPU
		AppStore|ARM = AppStore|ARM
		AppStore|iPhone = AppStore|iPhone
		AppStore|iPhoneSimulator = AppStore|iPhoneSimulator
		AppStore|x64 = AppStore|x64
		AppStore|x86 = AppStore|x86
		Debug|Any CPU = Debug|Any CPU
		Debug|ARM = Debug|ARM
		Debug|iPhone = Debug|iPhone
		Debug|iPhoneSimulator = Debug|iPhoneSimulator
		Debug|x64 = Debug|x64
		Debug|x86 = Debug|x86
		Release|Any CPU = Release|Any CPU
		Release|ARM = Release|ARM
		Release|iPhone = Release|iPhone
		Release|iPhoneSimulator = Release|iPhoneSimulator
		Release|x64 = Release|x64
		Release|x86 = Release|x86
	EndGlobalSection
	GlobalSection(ProjectConfigurationPlatforms) = postSolution
		{037E9C59-42CB-45CC-B9B0-250050BAC787}.Ad-Hoc|Any CPU.ActiveCfg = Debug|Any CPU
		{037E9C59-42CB-45CC-B9B0-250050BAC787}.Ad-Hoc|Any CPU.Build.0 = Debug|Any CPU
		{037E9C59-42CB-45CC-B9B0-250050BAC787}.Ad-Hoc|ARM.ActiveCfg = Debug|Any CPU
		{037E9C59-42CB-45CC-B9B0-250050BAC787}.Ad-Hoc|ARM.Build.0 = Debug|Any CPU
		{037E9C59-42CB-45CC-B9B0-250050BAC787}.Ad-Hoc|iPhone.ActiveCfg = Debug|Any CPU
		{037E9C59-42CB-45CC-B9B0-250050BAC787}.Ad-Hoc|iPhone.Build.0 = Debug|Any CPU
		{037E9C59-42CB-45CC-B9B0-250050BAC787}.Ad-Hoc|iPhoneSimulator.ActiveCfg = Debug|Any CPU
		{037E9C59-42CB-45CC-B9B0-250050BAC787}.Ad-Hoc|iPhoneSimulator.Build.0 = Debug|Any CPU
		{037E9C59-42CB-45CC-B9B0-250050BAC787}.Ad-Hoc|x64.ActiveCfg = Debug|Any CPU
		{037E9C59-42CB-45CC-B9B0-250050BAC787}.Ad-Hoc|x64.Build.0 = Debug|Any CPU
		{037E9C59-42CB-45CC-B9B0-250050BAC787}.Ad-Hoc|x86.ActiveCfg = Debug|Any CPU
		{037E9C59-42CB-45CC-B9B0-250050BAC787}.Ad-Hoc|x86.Build.0 = Debug|Any CPU
		{037E9C59-42CB-45CC-B9B0-250050BAC787}.AppStore|Any CPU.ActiveCfg = Debug|Any CPU
		{037E9C59-42CB-45CC-B9B0-250050BAC787}.AppStore|Any CPU.Build.0 = Debug|Any CPU
		{037E9C59-42CB-45CC-B9B0-250050BAC787}.AppStore|ARM.ActiveCfg = Debug|Any CPU
		{037E9C59-42CB-45CC-B9B0-250050BAC787}.AppStore|ARM.Build.0 = Debug|Any CPU
		{037E9C59-42CB-45CC-B9B0-250050BAC787}.AppStore|iPhone.ActiveCfg = Debug|Any CPU
		{037E9C59-42CB-45CC-B9B0-250050BAC787}.AppStore|iPhone.Build.0 = Debug|Any CPU
		{037E9C59-42CB-45CC-B9B0-250050BAC787}.AppStore|iPhoneSimulator.ActiveCfg = Debug|Any CPU
		{037E9C59-42CB-45CC-B9B0-250050BAC787}.AppStore|iPhoneSimulator.Build.0 = Debug|Any CPU
		{037E9C59-42CB-45CC-B9B0-250050BAC787}.AppStore|x64.ActiveCfg = Debug|Any CPU
		{037E9C59-42CB-45CC-B9B0-250050BAC787}.AppStore|x64.Build.0 = Debug|Any CPU
		{037E9C59-42CB-45CC-B9B0-250050BAC787}.AppStore|x86.ActiveCfg = Debug|Any CPU
		{037E9C59-42CB-45CC-B9B0-250050BAC787}.AppStore|x86.Build.0 = Debug|Any CPU
		{037E9C59-42CB-45CC-B9B0-250050BAC787}.Debug|Any CPU.ActiveCfg = Debug|Any CPU
		{037E9C59-42CB-45CC-B9B0-250050BAC787}.Debug|Any CPU.Build.0 = Debug|Any CPU
		{037E9C59-42CB-45CC-B9B0-250050BAC787}.Debug|ARM.ActiveCfg = Debug|Any CPU
		{037E9C59-42CB-45CC-B9B0-250050BAC787}.Debug|ARM.Build.0 = Debug|Any CPU
		{037E9C59-42CB-45CC-B9B0-250050BAC787}.Debug|iPhone.ActiveCfg = Debug|Any CPU
		{037E9C59-42CB-45CC-B9B0-250050BAC787}.Debug|iPhone.Build.0 = Debug|Any CPU
		{037E9C59-42CB-45CC-B9B0-250050BAC787}.Debug|iPhoneSimulator.ActiveCfg = Debug|Any CPU
		{037E9C59-42CB-45CC-B9B0-250050BAC787}.Debug|iPhoneSimulator.Build.0 = Debug|Any CPU
		{037E9C59-42CB-45CC-B9B0-250050BAC787}.Debug|x64.ActiveCfg = Debug|Any CPU
		{037E9C59-42CB-45CC-B9B0-250050BAC787}.Debug|x64.Build.0 = Debug|Any CPU
		{037E9C59-42CB-45CC-B9B0-250050BAC787}.Debug|x86.ActiveCfg = Debug|Any CPU
		{037E9C59-42CB-45CC-B9B0-250050BAC787}.Debug|x86.Build.0 = Debug|Any CPU
		{037E9C59-42CB-45CC-B9B0-250050BAC787}.Release|Any CPU.ActiveCfg = Release|Any CPU
		{037E9C59-42CB-45CC-B9B0-250050BAC787}.Release|Any CPU.Build.0 = Release|Any CPU
		{037E9C59-42CB-45CC-B9B0-250050BAC787}.Release|ARM.ActiveCfg = Release|Any CPU
		{037E9C59-42CB-45CC-B9B0-250050BAC787}.Release|ARM.Build.0 = Release|Any CPU
		{037E9C59-42CB-45CC-B9B0-250050BAC787}.Release|iPhone.ActiveCfg = Release|Any CPU
		{037E9C59-42CB-45CC-B9B0-250050BAC787}.Release|iPhone.Build.0 = Release|Any CPU
		{037E9C59-42CB-45CC-B9B0-250050BAC787}.Release|iPhoneSimulator.ActiveCfg = Release|Any CPU
		{037E9C59-42CB-45CC-B9B0-250050BAC787}.Release|iPhoneSimulator.Build.0 = Release|Any CPU
		{037E9C59-42CB-45CC-B9B0-250050BAC787}.Release|x64.ActiveCfg = Release|Any CPU
		{037E9C59-42CB-45CC-B9B0-250050BAC787}.Release|x64.Build.0 = Release|Any CPU
		{037E9C59-42CB-45CC-B9B0-250050BAC787}.Release|x86.ActiveCfg = Release|Any CPU
		{037E9C59-42CB-45CC-B9B0-250050BAC787}.Release|x86.Build.0 = Release|Any CPU
		{A73FFBD5-A715-414C-AF46-DB37E610546C}.Ad-Hoc|Any CPU.ActiveCfg = Debug|Any CPU
		{A73FFBD5-A715-414C-AF46-DB37E610546C}.Ad-Hoc|Any CPU.Build.0 = Debug|Any CPU
		{A73FFBD5-A715-414C-AF46-DB37E610546C}.Ad-Hoc|ARM.ActiveCfg = Debug|Any CPU
		{A73FFBD5-A715-414C-AF46-DB37E610546C}.Ad-Hoc|ARM.Build.0 = Debug|Any CPU
		{A73FFBD5-A715-414C-AF46-DB37E610546C}.Ad-Hoc|iPhone.ActiveCfg = Debug|Any CPU
		{A73FFBD5-A715-414C-AF46-DB37E610546C}.Ad-Hoc|iPhone.Build.0 = Debug|Any CPU
		{A73FFBD5-A715-414C-AF46-DB37E610546C}.Ad-Hoc|iPhoneSimulator.ActiveCfg = Debug|Any CPU
		{A73FFBD5-A715-414C-AF46-DB37E610546C}.Ad-Hoc|iPhoneSimulator.Build.0 = Debug|Any CPU
		{A73FFBD5-A715-414C-AF46-DB37E610546C}.Ad-Hoc|x64.ActiveCfg = Debug|Any CPU
		{A73FFBD5-A715-414C-AF46-DB37E610546C}.Ad-Hoc|x64.Build.0 = Debug|Any CPU
		{A73FFBD5-A715-414C-AF46-DB37E610546C}.Ad-Hoc|x86.ActiveCfg = Debug|Any CPU
		{A73FFBD5-A715-414C-AF46-DB37E610546C}.Ad-Hoc|x86.Build.0 = Debug|Any CPU
		{A73FFBD5-A715-414C-AF46-DB37E610546C}.AppStore|Any CPU.ActiveCfg = Debug|Any CPU
		{A73FFBD5-A715-414C-AF46-DB37E610546C}.AppStore|Any CPU.Build.0 = Debug|Any CPU
		{A73FFBD5-A715-414C-AF46-DB37E610546C}.AppStore|ARM.ActiveCfg = Debug|Any CPU
		{A73FFBD5-A715-414C-AF46-DB37E610546C}.AppStore|ARM.Build.0 = Debug|Any CPU
		{A73FFBD5-A715-414C-AF46-DB37E610546C}.AppStore|iPhone.ActiveCfg = Debug|Any CPU
		{A73FFBD5-A715-414C-AF46-DB37E610546C}.AppStore|iPhone.Build.0 = Debug|Any CPU
		{A73FFBD5-A715-414C-AF46-DB37E610546C}.AppStore|iPhoneSimulator.ActiveCfg = Debug|Any CPU
		{A73FFBD5-A715-414C-AF46-DB37E610546C}.AppStore|iPhoneSimulator.Build.0 = Debug|Any CPU
		{A73FFBD5-A715-414C-AF46-DB37E610546C}.AppStore|x64.ActiveCfg = Debug|Any CPU
		{A73FFBD5-A715-414C-AF46-DB37E610546C}.AppStore|x64.Build.0 = Debug|Any CPU
		{A73FFBD5-A715-414C-AF46-DB37E610546C}.AppStore|x86.ActiveCfg = Debug|Any CPU
		{A73FFBD5-A715-414C-AF46-DB37E610546C}.AppStore|x86.Build.0 = Debug|Any CPU
		{A73FFBD5-A715-414C-AF46-DB37E610546C}.Debug|Any CPU.ActiveCfg = Debug|Any CPU
		{A73FFBD5-A715-414C-AF46-DB37E610546C}.Debug|Any CPU.Build.0 = Debug|Any CPU
		{A73FFBD5-A715-414C-AF46-DB37E610546C}.Debug|ARM.ActiveCfg = Debug|Any CPU
		{A73FFBD5-A715-414C-AF46-DB37E610546C}.Debug|ARM.Build.0 = Debug|Any CPU
		{A73FFBD5-A715-414C-AF46-DB37E610546C}.Debug|iPhone.ActiveCfg = Debug|Any CPU
		{A73FFBD5-A715-414C-AF46-DB37E610546C}.Debug|iPhone.Build.0 = Debug|Any CPU
		{A73FFBD5-A715-414C-AF46-DB37E610546C}.Debug|iPhoneSimulator.ActiveCfg = Debug|Any CPU
		{A73FFBD5-A715-414C-AF46-DB37E610546C}.Debug|iPhoneSimulator.Build.0 = Debug|Any CPU
		{A73FFBD5-A715-414C-AF46-DB37E610546C}.Debug|x64.ActiveCfg = Debug|Any CPU
		{A73FFBD5-A715-414C-AF46-DB37E610546C}.Debug|x64.Build.0 = Debug|Any CPU
		{A73FFBD5-A715-414C-AF46-DB37E610546C}.Debug|x86.ActiveCfg = Debug|Any CPU
		{A73FFBD5-A715-414C-AF46-DB37E610546C}.Debug|x86.Build.0 = Debug|Any CPU
		{A73FFBD5-A715-414C-AF46-DB37E610546C}.Release|Any CPU.ActiveCfg = Release|Any CPU
		{A73FFBD5-A715-414C-AF46-DB37E610546C}.Release|Any CPU.Build.0 = Release|Any CPU
		{A73FFBD5-A715-414C-AF46-DB37E610546C}.Release|ARM.ActiveCfg = Release|Any CPU
		{A73FFBD5-A715-414C-AF46-DB37E610546C}.Release|ARM.Build.0 = Release|Any CPU
		{A73FFBD5-A715-414C-AF46-DB37E610546C}.Release|iPhone.ActiveCfg = Release|Any CPU
		{A73FFBD5-A715-414C-AF46-DB37E610546C}.Release|iPhone.Build.0 = Release|Any CPU
		{A73FFBD5-A715-414C-AF46-DB37E610546C}.Release|iPhoneSimulator.ActiveCfg = Release|Any CPU
		{A73FFBD5-A715-414C-AF46-DB37E610546C}.Release|iPhoneSimulator.Build.0 = Release|Any CPU
		{A73FFBD5-A715-414C-AF46-DB37E610546C}.Release|x64.ActiveCfg = Release|Any CPU
		{A73FFBD5-A715-414C-AF46-DB37E610546C}.Release|x64.Build.0 = Release|Any CPU
		{A73FFBD5-A715-414C-AF46-DB37E610546C}.Release|x86.ActiveCfg = Release|Any CPU
		{A73FFBD5-A715-414C-AF46-DB37E610546C}.Release|x86.Build.0 = Release|Any CPU
		{4E2AA925-4694-4593-ADBC-F349D269587A}.Ad-Hoc|Any CPU.ActiveCfg = Release|Any CPU
		{4E2AA925-4694-4593-ADBC-F349D269587A}.Ad-Hoc|Any CPU.Build.0 = Release|Any CPU
		{4E2AA925-4694-4593-ADBC-F349D269587A}.Ad-Hoc|ARM.ActiveCfg = Release|Any CPU
		{4E2AA925-4694-4593-ADBC-F349D269587A}.Ad-Hoc|ARM.Build.0 = Release|Any CPU
		{4E2AA925-4694-4593-ADBC-F349D269587A}.Ad-Hoc|iPhone.ActiveCfg = Release|Any CPU
		{4E2AA925-4694-4593-ADBC-F349D269587A}.Ad-Hoc|iPhone.Build.0 = Release|Any CPU
		{4E2AA925-4694-4593-ADBC-F349D269587A}.Ad-Hoc|iPhoneSimulator.ActiveCfg = Release|Any CPU
		{4E2AA925-4694-4593-ADBC-F349D269587A}.Ad-Hoc|iPhoneSimulator.Build.0 = Release|Any CPU
		{4E2AA925-4694-4593-ADBC-F349D269587A}.Ad-Hoc|x64.ActiveCfg = Release|Any CPU
		{4E2AA925-4694-4593-ADBC-F349D269587A}.Ad-Hoc|x64.Build.0 = Release|Any CPU
		{4E2AA925-4694-4593-ADBC-F349D269587A}.Ad-Hoc|x86.ActiveCfg = Release|Any CPU
		{4E2AA925-4694-4593-ADBC-F349D269587A}.Ad-Hoc|x86.Build.0 = Release|Any CPU
		{4E2AA925-4694-4593-ADBC-F349D269587A}.AppStore|Any CPU.ActiveCfg = Release|Any CPU
		{4E2AA925-4694-4593-ADBC-F349D269587A}.AppStore|Any CPU.Build.0 = Release|Any CPU
		{4E2AA925-4694-4593-ADBC-F349D269587A}.AppStore|ARM.ActiveCfg = Release|Any CPU
		{4E2AA925-4694-4593-ADBC-F349D269587A}.AppStore|ARM.Build.0 = Release|Any CPU
		{4E2AA925-4694-4593-ADBC-F349D269587A}.AppStore|iPhone.ActiveCfg = Release|Any CPU
		{4E2AA925-4694-4593-ADBC-F349D269587A}.AppStore|iPhone.Build.0 = Release|Any CPU
		{4E2AA925-4694-4593-ADBC-F349D269587A}.AppStore|iPhoneSimulator.ActiveCfg = Release|Any CPU
		{4E2AA925-4694-4593-ADBC-F349D269587A}.AppStore|iPhoneSimulator.Build.0 = Release|Any CPU
		{4E2AA925-4694-4593-ADBC-F349D269587A}.AppStore|x64.ActiveCfg = Release|Any CPU
		{4E2AA925-4694-4593-ADBC-F349D269587A}.AppStore|x64.Build.0 = Release|Any CPU
		{4E2AA925-4694-4593-ADBC-F349D269587A}.AppStore|x86.ActiveCfg = Release|Any CPU
		{4E2AA925-4694-4593-ADBC-F349D269587A}.AppStore|x86.Build.0 = Release|Any CPU
		{4E2AA925-4694-4593-ADBC-F349D269587A}.Debug|Any CPU.ActiveCfg = Debug|Any CPU
		{4E2AA925-4694-4593-ADBC-F349D269587A}.Debug|Any CPU.Build.0 = Debug|Any CPU
		{4E2AA925-4694-4593-ADBC-F349D269587A}.Debug|ARM.ActiveCfg = Debug|Any CPU
		{4E2AA925-4694-4593-ADBC-F349D269587A}.Debug|ARM.Build.0 = Debug|Any CPU
		{4E2AA925-4694-4593-ADBC-F349D269587A}.Debug|iPhone.ActiveCfg = Debug|Any CPU
		{4E2AA925-4694-4593-ADBC-F349D269587A}.Debug|iPhone.Build.0 = Debug|Any CPU
		{4E2AA925-4694-4593-ADBC-F349D269587A}.Debug|iPhoneSimulator.ActiveCfg = Debug|Any CPU
		{4E2AA925-4694-4593-ADBC-F349D269587A}.Debug|iPhoneSimulator.Build.0 = Debug|Any CPU
		{4E2AA925-4694-4593-ADBC-F349D269587A}.Debug|x64.ActiveCfg = Debug|Any CPU
		{4E2AA925-4694-4593-ADBC-F349D269587A}.Debug|x64.Build.0 = Debug|Any CPU
		{4E2AA925-4694-4593-ADBC-F349D269587A}.Debug|x86.ActiveCfg = Debug|Any CPU
		{4E2AA925-4694-4593-ADBC-F349D269587A}.Debug|x86.Build.0 = Debug|Any CPU
		{4E2AA925-4694-4593-ADBC-F349D269587A}.Release|Any CPU.ActiveCfg = Release|Any CPU
		{4E2AA925-4694-4593-ADBC-F349D269587A}.Release|Any CPU.Build.0 = Release|Any CPU
		{4E2AA925-4694-4593-ADBC-F349D269587A}.Release|ARM.ActiveCfg = Release|Any CPU
		{4E2AA925-4694-4593-ADBC-F349D269587A}.Release|ARM.Build.0 = Release|Any CPU
		{4E2AA925-4694-4593-ADBC-F349D269587A}.Release|iPhone.ActiveCfg = Release|Any CPU
		{4E2AA925-4694-4593-ADBC-F349D269587A}.Release|iPhone.Build.0 = Release|Any CPU
		{4E2AA925-4694-4593-ADBC-F349D269587A}.Release|iPhoneSimulator.ActiveCfg = Release|Any CPU
		{4E2AA925-4694-4593-ADBC-F349D269587A}.Release|iPhoneSimulator.Build.0 = Release|Any CPU
		{4E2AA925-4694-4593-ADBC-F349D269587A}.Release|x64.ActiveCfg = Release|Any CPU
		{4E2AA925-4694-4593-ADBC-F349D269587A}.Release|x64.Build.0 = Release|Any CPU
		{4E2AA925-4694-4593-ADBC-F349D269587A}.Release|x86.ActiveCfg = Release|Any CPU
		{4E2AA925-4694-4593-ADBC-F349D269587A}.Release|x86.Build.0 = Release|Any CPU
		{1481BBD6-A6DA-4912-A03A-134880D14701}.Ad-Hoc|Any CPU.ActiveCfg = Release|Any CPU
		{1481BBD6-A6DA-4912-A03A-134880D14701}.Ad-Hoc|Any CPU.Build.0 = Release|Any CPU
		{1481BBD6-A6DA-4912-A03A-134880D14701}.Ad-Hoc|ARM.ActiveCfg = Release|Any CPU
		{1481BBD6-A6DA-4912-A03A-134880D14701}.Ad-Hoc|ARM.Build.0 = Release|Any CPU
		{1481BBD6-A6DA-4912-A03A-134880D14701}.Ad-Hoc|iPhone.ActiveCfg = Release|Any CPU
		{1481BBD6-A6DA-4912-A03A-134880D14701}.Ad-Hoc|iPhone.Build.0 = Release|Any CPU
		{1481BBD6-A6DA-4912-A03A-134880D14701}.Ad-Hoc|iPhoneSimulator.ActiveCfg = Release|Any CPU
		{1481BBD6-A6DA-4912-A03A-134880D14701}.Ad-Hoc|iPhoneSimulator.Build.0 = Release|Any CPU
		{1481BBD6-A6DA-4912-A03A-134880D14701}.Ad-Hoc|x64.ActiveCfg = Release|Any CPU
		{1481BBD6-A6DA-4912-A03A-134880D14701}.Ad-Hoc|x64.Build.0 = Release|Any CPU
		{1481BBD6-A6DA-4912-A03A-134880D14701}.Ad-Hoc|x86.ActiveCfg = Release|Any CPU
		{1481BBD6-A6DA-4912-A03A-134880D14701}.Ad-Hoc|x86.Build.0 = Release|Any CPU
		{1481BBD6-A6DA-4912-A03A-134880D14701}.AppStore|Any CPU.ActiveCfg = Release|Any CPU
		{1481BBD6-A6DA-4912-A03A-134880D14701}.AppStore|Any CPU.Build.0 = Release|Any CPU
		{1481BBD6-A6DA-4912-A03A-134880D14701}.AppStore|ARM.ActiveCfg = Release|Any CPU
		{1481BBD6-A6DA-4912-A03A-134880D14701}.AppStore|ARM.Build.0 = Release|Any CPU
		{1481BBD6-A6DA-4912-A03A-134880D14701}.AppStore|iPhone.ActiveCfg = Release|Any CPU
		{1481BBD6-A6DA-4912-A03A-134880D14701}.AppStore|iPhone.Build.0 = Release|Any CPU
		{1481BBD6-A6DA-4912-A03A-134880D14701}.AppStore|iPhoneSimulator.ActiveCfg = Release|Any CPU
		{1481BBD6-A6DA-4912-A03A-134880D14701}.AppStore|iPhoneSimulator.Build.0 = Release|Any CPU
		{1481BBD6-A6DA-4912-A03A-134880D14701}.AppStore|x64.ActiveCfg = Release|Any CPU
		{1481BBD6-A6DA-4912-A03A-134880D14701}.AppStore|x64.Build.0 = Release|Any CPU
		{1481BBD6-A6DA-4912-A03A-134880D14701}.AppStore|x86.ActiveCfg = Release|Any CPU
		{1481BBD6-A6DA-4912-A03A-134880D14701}.AppStore|x86.Build.0 = Release|Any CPU
		{1481BBD6-A6DA-4912-A03A-134880D14701}.Debug|Any CPU.ActiveCfg = Debug|Any CPU
		{1481BBD6-A6DA-4912-A03A-134880D14701}.Debug|Any CPU.Build.0 = Debug|Any CPU
		{1481BBD6-A6DA-4912-A03A-134880D14701}.Debug|ARM.ActiveCfg = Debug|Any CPU
		{1481BBD6-A6DA-4912-A03A-134880D14701}.Debug|ARM.Build.0 = Debug|Any CPU
		{1481BBD6-A6DA-4912-A03A-134880D14701}.Debug|iPhone.ActiveCfg = Debug|Any CPU
		{1481BBD6-A6DA-4912-A03A-134880D14701}.Debug|iPhone.Build.0 = Debug|Any CPU
		{1481BBD6-A6DA-4912-A03A-134880D14701}.Debug|iPhoneSimulator.ActiveCfg = Debug|Any CPU
		{1481BBD6-A6DA-4912-A03A-134880D14701}.Debug|iPhoneSimulator.Build.0 = Debug|Any CPU
		{1481BBD6-A6DA-4912-A03A-134880D14701}.Debug|x64.ActiveCfg = Debug|Any CPU
		{1481BBD6-A6DA-4912-A03A-134880D14701}.Debug|x64.Build.0 = Debug|Any CPU
		{1481BBD6-A6DA-4912-A03A-134880D14701}.Debug|x86.ActiveCfg = Debug|Any CPU
		{1481BBD6-A6DA-4912-A03A-134880D14701}.Debug|x86.Build.0 = Debug|Any CPU
		{1481BBD6-A6DA-4912-A03A-134880D14701}.Release|Any CPU.ActiveCfg = Release|Any CPU
		{1481BBD6-A6DA-4912-A03A-134880D14701}.Release|Any CPU.Build.0 = Release|Any CPU
		{1481BBD6-A6DA-4912-A03A-134880D14701}.Release|ARM.ActiveCfg = Release|Any CPU
		{1481BBD6-A6DA-4912-A03A-134880D14701}.Release|ARM.Build.0 = Release|Any CPU
		{1481BBD6-A6DA-4912-A03A-134880D14701}.Release|iPhone.ActiveCfg = Release|Any CPU
		{1481BBD6-A6DA-4912-A03A-134880D14701}.Release|iPhone.Build.0 = Release|Any CPU
		{1481BBD6-A6DA-4912-A03A-134880D14701}.Release|iPhoneSimulator.ActiveCfg = Release|Any CPU
		{1481BBD6-A6DA-4912-A03A-134880D14701}.Release|iPhoneSimulator.Build.0 = Release|Any CPU
		{1481BBD6-A6DA-4912-A03A-134880D14701}.Release|x64.ActiveCfg = Release|Any CPU
		{1481BBD6-A6DA-4912-A03A-134880D14701}.Release|x64.Build.0 = Release|Any CPU
		{1481BBD6-A6DA-4912-A03A-134880D14701}.Release|x86.ActiveCfg = Release|Any CPU
		{1481BBD6-A6DA-4912-A03A-134880D14701}.Release|x86.Build.0 = Release|Any CPU
		{F26BD804-8DF3-4647-A15C-7BE30252139B}.Ad-Hoc|Any CPU.ActiveCfg = Debug|Any CPU
		{F26BD804-8DF3-4647-A15C-7BE30252139B}.Ad-Hoc|Any CPU.Build.0 = Debug|Any CPU
		{F26BD804-8DF3-4647-A15C-7BE30252139B}.Ad-Hoc|ARM.ActiveCfg = Debug|Any CPU
		{F26BD804-8DF3-4647-A15C-7BE30252139B}.Ad-Hoc|ARM.Build.0 = Debug|Any CPU
		{F26BD804-8DF3-4647-A15C-7BE30252139B}.Ad-Hoc|iPhone.ActiveCfg = Debug|Any CPU
		{F26BD804-8DF3-4647-A15C-7BE30252139B}.Ad-Hoc|iPhone.Build.0 = Debug|Any CPU
		{F26BD804-8DF3-4647-A15C-7BE30252139B}.Ad-Hoc|iPhoneSimulator.ActiveCfg = Debug|Any CPU
		{F26BD804-8DF3-4647-A15C-7BE30252139B}.Ad-Hoc|iPhoneSimulator.Build.0 = Debug|Any CPU
		{F26BD804-8DF3-4647-A15C-7BE30252139B}.Ad-Hoc|x64.ActiveCfg = Debug|Any CPU
		{F26BD804-8DF3-4647-A15C-7BE30252139B}.Ad-Hoc|x64.Build.0 = Debug|Any CPU
		{F26BD804-8DF3-4647-A15C-7BE30252139B}.Ad-Hoc|x86.ActiveCfg = Debug|Any CPU
		{F26BD804-8DF3-4647-A15C-7BE30252139B}.Ad-Hoc|x86.Build.0 = Debug|Any CPU
		{F26BD804-8DF3-4647-A15C-7BE30252139B}.AppStore|Any CPU.ActiveCfg = Debug|Any CPU
		{F26BD804-8DF3-4647-A15C-7BE30252139B}.AppStore|Any CPU.Build.0 = Debug|Any CPU
		{F26BD804-8DF3-4647-A15C-7BE30252139B}.AppStore|ARM.ActiveCfg = Debug|Any CPU
		{F26BD804-8DF3-4647-A15C-7BE30252139B}.AppStore|ARM.Build.0 = Debug|Any CPU
		{F26BD804-8DF3-4647-A15C-7BE30252139B}.AppStore|iPhone.ActiveCfg = Debug|Any CPU
		{F26BD804-8DF3-4647-A15C-7BE30252139B}.AppStore|iPhone.Build.0 = Debug|Any CPU
		{F26BD804-8DF3-4647-A15C-7BE30252139B}.AppStore|iPhoneSimulator.ActiveCfg = Debug|Any CPU
		{F26BD804-8DF3-4647-A15C-7BE30252139B}.AppStore|iPhoneSimulator.Build.0 = Debug|Any CPU
		{F26BD804-8DF3-4647-A15C-7BE30252139B}.AppStore|x64.ActiveCfg = Debug|Any CPU
		{F26BD804-8DF3-4647-A15C-7BE30252139B}.AppStore|x64.Build.0 = Debug|Any CPU
		{F26BD804-8DF3-4647-A15C-7BE30252139B}.AppStore|x86.ActiveCfg = Debug|Any CPU
		{F26BD804-8DF3-4647-A15C-7BE30252139B}.AppStore|x86.Build.0 = Debug|Any CPU
		{F26BD804-8DF3-4647-A15C-7BE30252139B}.Debug|Any CPU.ActiveCfg = Debug|Any CPU
		{F26BD804-8DF3-4647-A15C-7BE30252139B}.Debug|Any CPU.Build.0 = Debug|Any CPU
		{F26BD804-8DF3-4647-A15C-7BE30252139B}.Debug|ARM.ActiveCfg = Debug|Any CPU
		{F26BD804-8DF3-4647-A15C-7BE30252139B}.Debug|ARM.Build.0 = Debug|Any CPU
		{F26BD804-8DF3-4647-A15C-7BE30252139B}.Debug|iPhone.ActiveCfg = Debug|Any CPU
		{F26BD804-8DF3-4647-A15C-7BE30252139B}.Debug|iPhone.Build.0 = Debug|Any CPU
		{F26BD804-8DF3-4647-A15C-7BE30252139B}.Debug|iPhoneSimulator.ActiveCfg = Debug|Any CPU
		{F26BD804-8DF3-4647-A15C-7BE30252139B}.Debug|iPhoneSimulator.Build.0 = Debug|Any CPU
		{F26BD804-8DF3-4647-A15C-7BE30252139B}.Debug|x64.ActiveCfg = Debug|Any CPU
		{F26BD804-8DF3-4647-A15C-7BE30252139B}.Debug|x64.Build.0 = Debug|Any CPU
		{F26BD804-8DF3-4647-A15C-7BE30252139B}.Debug|x86.ActiveCfg = Debug|Any CPU
		{F26BD804-8DF3-4647-A15C-7BE30252139B}.Debug|x86.Build.0 = Debug|Any CPU
		{F26BD804-8DF3-4647-A15C-7BE30252139B}.Release|Any CPU.ActiveCfg = Release|Any CPU
		{F26BD804-8DF3-4647-A15C-7BE30252139B}.Release|Any CPU.Build.0 = Release|Any CPU
		{F26BD804-8DF3-4647-A15C-7BE30252139B}.Release|ARM.ActiveCfg = Release|Any CPU
		{F26BD804-8DF3-4647-A15C-7BE30252139B}.Release|ARM.Build.0 = Release|Any CPU
		{F26BD804-8DF3-4647-A15C-7BE30252139B}.Release|iPhone.ActiveCfg = Release|Any CPU
		{F26BD804-8DF3-4647-A15C-7BE30252139B}.Release|iPhone.Build.0 = Release|Any CPU
		{F26BD804-8DF3-4647-A15C-7BE30252139B}.Release|iPhoneSimulator.ActiveCfg = Release|Any CPU
		{F26BD804-8DF3-4647-A15C-7BE30252139B}.Release|iPhoneSimulator.Build.0 = Release|Any CPU
		{F26BD804-8DF3-4647-A15C-7BE30252139B}.Release|x64.ActiveCfg = Release|Any CPU
		{F26BD804-8DF3-4647-A15C-7BE30252139B}.Release|x64.Build.0 = Release|Any CPU
		{F26BD804-8DF3-4647-A15C-7BE30252139B}.Release|x86.ActiveCfg = Release|Any CPU
		{F26BD804-8DF3-4647-A15C-7BE30252139B}.Release|x86.Build.0 = Release|Any CPU
		{26F845B1-E9D6-433A-B2A1-C2E38F59DBFE}.Ad-Hoc|Any CPU.ActiveCfg = Debug|Any CPU
		{26F845B1-E9D6-433A-B2A1-C2E38F59DBFE}.Ad-Hoc|Any CPU.Build.0 = Debug|Any CPU
		{26F845B1-E9D6-433A-B2A1-C2E38F59DBFE}.Ad-Hoc|ARM.ActiveCfg = Debug|Any CPU
		{26F845B1-E9D6-433A-B2A1-C2E38F59DBFE}.Ad-Hoc|ARM.Build.0 = Debug|Any CPU
		{26F845B1-E9D6-433A-B2A1-C2E38F59DBFE}.Ad-Hoc|iPhone.ActiveCfg = Debug|Any CPU
		{26F845B1-E9D6-433A-B2A1-C2E38F59DBFE}.Ad-Hoc|iPhone.Build.0 = Debug|Any CPU
		{26F845B1-E9D6-433A-B2A1-C2E38F59DBFE}.Ad-Hoc|iPhoneSimulator.ActiveCfg = Debug|Any CPU
		{26F845B1-E9D6-433A-B2A1-C2E38F59DBFE}.Ad-Hoc|iPhoneSimulator.Build.0 = Debug|Any CPU
		{26F845B1-E9D6-433A-B2A1-C2E38F59DBFE}.Ad-Hoc|x64.ActiveCfg = Debug|Any CPU
		{26F845B1-E9D6-433A-B2A1-C2E38F59DBFE}.Ad-Hoc|x64.Build.0 = Debug|Any CPU
		{26F845B1-E9D6-433A-B2A1-C2E38F59DBFE}.Ad-Hoc|x86.ActiveCfg = Debug|Any CPU
		{26F845B1-E9D6-433A-B2A1-C2E38F59DBFE}.Ad-Hoc|x86.Build.0 = Debug|Any CPU
		{26F845B1-E9D6-433A-B2A1-C2E38F59DBFE}.AppStore|Any CPU.ActiveCfg = Debug|Any CPU
		{26F845B1-E9D6-433A-B2A1-C2E38F59DBFE}.AppStore|Any CPU.Build.0 = Debug|Any CPU
		{26F845B1-E9D6-433A-B2A1-C2E38F59DBFE}.AppStore|ARM.ActiveCfg = Debug|Any CPU
		{26F845B1-E9D6-433A-B2A1-C2E38F59DBFE}.AppStore|ARM.Build.0 = Debug|Any CPU
		{26F845B1-E9D6-433A-B2A1-C2E38F59DBFE}.AppStore|iPhone.ActiveCfg = Debug|Any CPU
		{26F845B1-E9D6-433A-B2A1-C2E38F59DBFE}.AppStore|iPhone.Build.0 = Debug|Any CPU
		{26F845B1-E9D6-433A-B2A1-C2E38F59DBFE}.AppStore|iPhoneSimulator.ActiveCfg = Debug|Any CPU
		{26F845B1-E9D6-433A-B2A1-C2E38F59DBFE}.AppStore|iPhoneSimulator.Build.0 = Debug|Any CPU
		{26F845B1-E9D6-433A-B2A1-C2E38F59DBFE}.AppStore|x64.ActiveCfg = Debug|Any CPU
		{26F845B1-E9D6-433A-B2A1-C2E38F59DBFE}.AppStore|x64.Build.0 = Debug|Any CPU
		{26F845B1-E9D6-433A-B2A1-C2E38F59DBFE}.AppStore|x86.ActiveCfg = Debug|Any CPU
		{26F845B1-E9D6-433A-B2A1-C2E38F59DBFE}.AppStore|x86.Build.0 = Debug|Any CPU
		{26F845B1-E9D6-433A-B2A1-C2E38F59DBFE}.Debug|Any CPU.ActiveCfg = Debug|Any CPU
		{26F845B1-E9D6-433A-B2A1-C2E38F59DBFE}.Debug|Any CPU.Build.0 = Debug|Any CPU
		{26F845B1-E9D6-433A-B2A1-C2E38F59DBFE}.Debug|ARM.ActiveCfg = Debug|Any CPU
		{26F845B1-E9D6-433A-B2A1-C2E38F59DBFE}.Debug|ARM.Build.0 = Debug|Any CPU
		{26F845B1-E9D6-433A-B2A1-C2E38F59DBFE}.Debug|iPhone.ActiveCfg = Debug|Any CPU
		{26F845B1-E9D6-433A-B2A1-C2E38F59DBFE}.Debug|iPhone.Build.0 = Debug|Any CPU
		{26F845B1-E9D6-433A-B2A1-C2E38F59DBFE}.Debug|iPhoneSimulator.ActiveCfg = Debug|Any CPU
		{26F845B1-E9D6-433A-B2A1-C2E38F59DBFE}.Debug|iPhoneSimulator.Build.0 = Debug|Any CPU
		{26F845B1-E9D6-433A-B2A1-C2E38F59DBFE}.Debug|x64.ActiveCfg = Debug|Any CPU
		{26F845B1-E9D6-433A-B2A1-C2E38F59DBFE}.Debug|x64.Build.0 = Debug|Any CPU
		{26F845B1-E9D6-433A-B2A1-C2E38F59DBFE}.Debug|x86.ActiveCfg = Debug|Any CPU
		{26F845B1-E9D6-433A-B2A1-C2E38F59DBFE}.Debug|x86.Build.0 = Debug|Any CPU
		{26F845B1-E9D6-433A-B2A1-C2E38F59DBFE}.Release|Any CPU.ActiveCfg = Release|Any CPU
		{26F845B1-E9D6-433A-B2A1-C2E38F59DBFE}.Release|Any CPU.Build.0 = Release|Any CPU
		{26F845B1-E9D6-433A-B2A1-C2E38F59DBFE}.Release|ARM.ActiveCfg = Release|Any CPU
		{26F845B1-E9D6-433A-B2A1-C2E38F59DBFE}.Release|ARM.Build.0 = Release|Any CPU
		{26F845B1-E9D6-433A-B2A1-C2E38F59DBFE}.Release|iPhone.ActiveCfg = Release|Any CPU
		{26F845B1-E9D6-433A-B2A1-C2E38F59DBFE}.Release|iPhone.Build.0 = Release|Any CPU
		{26F845B1-E9D6-433A-B2A1-C2E38F59DBFE}.Release|iPhoneSimulator.ActiveCfg = Release|Any CPU
		{26F845B1-E9D6-433A-B2A1-C2E38F59DBFE}.Release|iPhoneSimulator.Build.0 = Release|Any CPU
		{26F845B1-E9D6-433A-B2A1-C2E38F59DBFE}.Release|x64.ActiveCfg = Release|Any CPU
		{26F845B1-E9D6-433A-B2A1-C2E38F59DBFE}.Release|x64.Build.0 = Release|Any CPU
		{26F845B1-E9D6-433A-B2A1-C2E38F59DBFE}.Release|x86.ActiveCfg = Release|Any CPU
		{26F845B1-E9D6-433A-B2A1-C2E38F59DBFE}.Release|x86.Build.0 = Release|Any CPU
		{67693330-9862-464F-8206-4C791D7A55F0}.Ad-Hoc|Any CPU.ActiveCfg = Debug|Any CPU
		{67693330-9862-464F-8206-4C791D7A55F0}.Ad-Hoc|Any CPU.Build.0 = Debug|Any CPU
		{67693330-9862-464F-8206-4C791D7A55F0}.Ad-Hoc|ARM.ActiveCfg = Debug|Any CPU
		{67693330-9862-464F-8206-4C791D7A55F0}.Ad-Hoc|ARM.Build.0 = Debug|Any CPU
		{67693330-9862-464F-8206-4C791D7A55F0}.Ad-Hoc|iPhone.ActiveCfg = Debug|Any CPU
		{67693330-9862-464F-8206-4C791D7A55F0}.Ad-Hoc|iPhone.Build.0 = Debug|Any CPU
		{67693330-9862-464F-8206-4C791D7A55F0}.Ad-Hoc|iPhoneSimulator.ActiveCfg = Debug|Any CPU
		{67693330-9862-464F-8206-4C791D7A55F0}.Ad-Hoc|iPhoneSimulator.Build.0 = Debug|Any CPU
		{67693330-9862-464F-8206-4C791D7A55F0}.Ad-Hoc|x64.ActiveCfg = Debug|Any CPU
		{67693330-9862-464F-8206-4C791D7A55F0}.Ad-Hoc|x64.Build.0 = Debug|Any CPU
		{67693330-9862-464F-8206-4C791D7A55F0}.Ad-Hoc|x86.ActiveCfg = Debug|Any CPU
		{67693330-9862-464F-8206-4C791D7A55F0}.Ad-Hoc|x86.Build.0 = Debug|Any CPU
		{67693330-9862-464F-8206-4C791D7A55F0}.AppStore|Any CPU.ActiveCfg = Debug|Any CPU
		{67693330-9862-464F-8206-4C791D7A55F0}.AppStore|Any CPU.Build.0 = Debug|Any CPU
		{67693330-9862-464F-8206-4C791D7A55F0}.AppStore|ARM.ActiveCfg = Debug|Any CPU
		{67693330-9862-464F-8206-4C791D7A55F0}.AppStore|ARM.Build.0 = Debug|Any CPU
		{67693330-9862-464F-8206-4C791D7A55F0}.AppStore|iPhone.ActiveCfg = Debug|Any CPU
		{67693330-9862-464F-8206-4C791D7A55F0}.AppStore|iPhone.Build.0 = Debug|Any CPU
		{67693330-9862-464F-8206-4C791D7A55F0}.AppStore|iPhoneSimulator.ActiveCfg = Debug|Any CPU
		{67693330-9862-464F-8206-4C791D7A55F0}.AppStore|iPhoneSimulator.Build.0 = Debug|Any CPU
		{67693330-9862-464F-8206-4C791D7A55F0}.AppStore|x64.ActiveCfg = Debug|Any CPU
		{67693330-9862-464F-8206-4C791D7A55F0}.AppStore|x64.Build.0 = Debug|Any CPU
		{67693330-9862-464F-8206-4C791D7A55F0}.AppStore|x86.ActiveCfg = Debug|Any CPU
		{67693330-9862-464F-8206-4C791D7A55F0}.AppStore|x86.Build.0 = Debug|Any CPU
		{67693330-9862-464F-8206-4C791D7A55F0}.Debug|Any CPU.ActiveCfg = Debug|Any CPU
		{67693330-9862-464F-8206-4C791D7A55F0}.Debug|Any CPU.Build.0 = Debug|Any CPU
		{67693330-9862-464F-8206-4C791D7A55F0}.Debug|ARM.ActiveCfg = Debug|Any CPU
		{67693330-9862-464F-8206-4C791D7A55F0}.Debug|ARM.Build.0 = Debug|Any CPU
		{67693330-9862-464F-8206-4C791D7A55F0}.Debug|iPhone.ActiveCfg = Debug|Any CPU
		{67693330-9862-464F-8206-4C791D7A55F0}.Debug|iPhone.Build.0 = Debug|Any CPU
		{67693330-9862-464F-8206-4C791D7A55F0}.Debug|iPhoneSimulator.ActiveCfg = Debug|Any CPU
		{67693330-9862-464F-8206-4C791D7A55F0}.Debug|iPhoneSimulator.Build.0 = Debug|Any CPU
		{67693330-9862-464F-8206-4C791D7A55F0}.Debug|x64.ActiveCfg = Debug|Any CPU
		{67693330-9862-464F-8206-4C791D7A55F0}.Debug|x64.Build.0 = Debug|Any CPU
		{67693330-9862-464F-8206-4C791D7A55F0}.Debug|x86.ActiveCfg = Debug|Any CPU
		{67693330-9862-464F-8206-4C791D7A55F0}.Debug|x86.Build.0 = Debug|Any CPU
		{67693330-9862-464F-8206-4C791D7A55F0}.Release|Any CPU.ActiveCfg = Release|Any CPU
		{67693330-9862-464F-8206-4C791D7A55F0}.Release|Any CPU.Build.0 = Release|Any CPU
		{67693330-9862-464F-8206-4C791D7A55F0}.Release|ARM.ActiveCfg = Release|Any CPU
		{67693330-9862-464F-8206-4C791D7A55F0}.Release|ARM.Build.0 = Release|Any CPU
		{67693330-9862-464F-8206-4C791D7A55F0}.Release|iPhone.ActiveCfg = Release|Any CPU
		{67693330-9862-464F-8206-4C791D7A55F0}.Release|iPhone.Build.0 = Release|Any CPU
		{67693330-9862-464F-8206-4C791D7A55F0}.Release|iPhoneSimulator.ActiveCfg = Release|Any CPU
		{67693330-9862-464F-8206-4C791D7A55F0}.Release|iPhoneSimulator.Build.0 = Release|Any CPU
		{67693330-9862-464F-8206-4C791D7A55F0}.Release|x64.ActiveCfg = Release|Any CPU
		{67693330-9862-464F-8206-4C791D7A55F0}.Release|x64.Build.0 = Release|Any CPU
		{67693330-9862-464F-8206-4C791D7A55F0}.Release|x86.ActiveCfg = Release|Any CPU
		{67693330-9862-464F-8206-4C791D7A55F0}.Release|x86.Build.0 = Release|Any CPU
	EndGlobalSection
	GlobalSection(SolutionProperties) = preSolution
		HideSolutionNode = FALSE
	EndGlobalSection
	GlobalSection(ExtensibilityGlobals) = postSolution
		SolutionGuid = {C4982822-A021-4A60-8600-75270258EE95}
	EndGlobalSection
EndGlobal
