
Microsoft Visual Studio Solution File, Format Version 12.00
# Visual Studio 15
VisualStudioVersion = 15.0.28010.2003
MinimumVisualStudioVersion = 10.0.40219.1
Project("{FAE04EC0-301F-11D3-BF4B-00C04F79EFBC}") = "SolarLunarName.Android", "SolarLunarName\SolarLunarName.Android\SolarLunarName.Android.csproj", "{3723D3D8-FA4D-4A87-BE0A-4E9B45521B20}"
EndProject
Project("{FAE04EC0-301F-11D3-BF4B-00C04F79EFBC}") = "SolarLunarName.iOS", "SolarLunarName\SolarLunarName.iOS\SolarLunarName.iOS.csproj", "{D264E0EC-F89F-4EE1-8016-0A6292F3D8DF}"
EndProject
Project("{FAE04EC0-301F-11D3-BF4B-00C04F79EFBC}") = "SolarLunarName.UWP", "SolarLunarName\SolarLunarName.UWP\SolarLunarName.UWP.csproj", "{9BB62960-0120-41B4-9E0A-090297276C78}"
EndProject
Project("{9A19103F-16F7-4668-BE54-9A1E7A4F7556}") = "SolarLunarName.Standard", "SolarLunarName\SolarLunarName.Standard\SolarLunarName.Standard.csproj", "{037E9C59-42CB-45CC-B9B0-250050BAC787}"
EndProject
Project("{9A19103F-16F7-4668-BE54-9A1E7A4F7556}") = "SolarLunarName.CLI", "SolarLunarName\SolarLunarName.CLI\SolarLunarName.CLI.csproj", "{B94ED219-8485-4F09-B5F1-784710D8C137}"
EndProject
Project("{9A19103F-16F7-4668-BE54-9A1E7A4F7556}") = "SolarLunarName.Forms", "SolarLunarName\SolarLunarName.Forms\SolarLunarName.Forms.csproj", "{8D0C677E-4607-45AD-B872-CE4BB73E3C55}"
EndProject
Project("{9A19103F-16F7-4668-BE54-9A1E7A4F7556}") = "SolarLunarName.PoSH", "SolarLunarName\SolarLunarName.PoSH\SolarLunarName.PoSH.csproj", "{A73FFBD5-A715-414C-AF46-DB37E610546C}"
EndProject
Project("{FAE04EC0-301F-11D3-BF4B-00C04F79EFBC}") = "ConsoleApp1", "ConsoleApp1\ConsoleApp1.csproj", "{7B6034FA-A9C6-4978-B0D7-4AE3E1F956CB}"
EndProject
Project("{FAE04EC0-301F-11D3-BF4B-00C04F79EFBC}") = "SolarLunarName.PoSH.NET", "SolarLunarName\SolarLunarName.PoSH.NET\SolarLunarName.PoSH.NET.csproj", "{4BC7D527-5D29-41C7-A40D-8C1A0F7B48EE}"
EndProject
Global
	GlobalSection(SolutionConfigurationPlatforms) = preSolution
		Ad-Hoc|Any CPU = Ad-Hoc|Any CPU
		Ad-Hoc|ARM = Ad-Hoc|ARM
		Ad-Hoc|iPhone = Ad-Hoc|iPhone
		Ad-Hoc|iPhoneSimulator = Ad-Hoc|iPhoneSimulator
		Ad-Hoc|x64 = Ad-Hoc|x64
		Ad-Hoc|x86 = Ad-Hoc|x86
		AppStore|Any CPU = AppStore|Any CPU
		AppStore|ARM = AppStore|ARM
		AppStore|iPhone = AppStore|iPhone
		AppStore|iPhoneSimulator = AppStore|iPhoneSimulator
		AppStore|x64 = AppStore|x64
		AppStore|x86 = AppStore|x86
		Debug|Any CPU = Debug|Any CPU
		Debug|ARM = Debug|ARM
		Debug|iPhone = Debug|iPhone
		Debug|iPhoneSimulator = Debug|iPhoneSimulator
		Debug|x64 = Debug|x64
		Debug|x86 = Debug|x86
		Release|Any CPU = Release|Any CPU
		Release|ARM = Release|ARM
		Release|iPhone = Release|iPhone
		Release|iPhoneSimulator = Release|iPhoneSimulator
		Release|x64 = Release|x64
		Release|x86 = Release|x86
	EndGlobalSection
	GlobalSection(ProjectConfigurationPlatforms) = postSolution
		{3723D3D8-FA4D-4A87-BE0A-4E9B45521B20}.Ad-Hoc|Any CPU.ActiveCfg = Release|Any CPU
		{3723D3D8-FA4D-4A87-BE0A-4E9B45521B20}.Ad-Hoc|Any CPU.Build.0 = Release|Any CPU
		{3723D3D8-FA4D-4A87-BE0A-4E9B45521B20}.Ad-Hoc|Any CPU.Deploy.0 = Release|Any CPU
		{3723D3D8-FA4D-4A87-BE0A-4E9B45521B20}.Ad-Hoc|ARM.ActiveCfg = Release|Any CPU
		{3723D3D8-FA4D-4A87-BE0A-4E9B45521B20}.Ad-Hoc|ARM.Build.0 = Release|Any CPU
		{3723D3D8-FA4D-4A87-BE0A-4E9B45521B20}.Ad-Hoc|ARM.Deploy.0 = Release|Any CPU
		{3723D3D8-FA4D-4A87-BE0A-4E9B45521B20}.Ad-Hoc|iPhone.ActiveCfg = Release|Any CPU
		{3723D3D8-FA4D-4A87-BE0A-4E9B45521B20}.Ad-Hoc|iPhone.Build.0 = Release|Any CPU
		{3723D3D8-FA4D-4A87-BE0A-4E9B45521B20}.Ad-Hoc|iPhone.Deploy.0 = Release|Any CPU
		{3723D3D8-FA4D-4A87-BE0A-4E9B45521B20}.Ad-Hoc|iPhoneSimulator.ActiveCfg = Release|Any CPU
		{3723D3D8-FA4D-4A87-BE0A-4E9B45521B20}.Ad-Hoc|iPhoneSimulator.Build.0 = Release|Any CPU
		{3723D3D8-FA4D-4A87-BE0A-4E9B45521B20}.Ad-Hoc|iPhoneSimulator.Deploy.0 = Release|Any CPU
		{3723D3D8-FA4D-4A87-BE0A-4E9B45521B20}.Ad-Hoc|x64.ActiveCfg = Release|Any CPU
		{3723D3D8-FA4D-4A87-BE0A-4E9B45521B20}.Ad-Hoc|x64.Build.0 = Release|Any CPU
		{3723D3D8-FA4D-4A87-BE0A-4E9B45521B20}.Ad-Hoc|x64.Deploy.0 = Release|Any CPU
		{3723D3D8-FA4D-4A87-BE0A-4E9B45521B20}.Ad-Hoc|x86.ActiveCfg = Release|Any CPU
		{3723D3D8-FA4D-4A87-BE0A-4E9B45521B20}.Ad-Hoc|x86.Build.0 = Release|Any CPU
		{3723D3D8-FA4D-4A87-BE0A-4E9B45521B20}.Ad-Hoc|x86.Deploy.0 = Release|Any CPU
		{3723D3D8-FA4D-4A87-BE0A-4E9B45521B20}.AppStore|Any CPU.ActiveCfg = Release|Any CPU
		{3723D3D8-FA4D-4A87-BE0A-4E9B45521B20}.AppStore|Any CPU.Build.0 = Release|Any CPU
		{3723D3D8-FA4D-4A87-BE0A-4E9B45521B20}.AppStore|Any CPU.Deploy.0 = Release|Any CPU
		{3723D3D8-FA4D-4A87-BE0A-4E9B45521B20}.AppStore|ARM.ActiveCfg = Release|Any CPU
		{3723D3D8-FA4D-4A87-BE0A-4E9B45521B20}.AppStore|ARM.Build.0 = Release|Any CPU
		{3723D3D8-FA4D-4A87-BE0A-4E9B45521B20}.AppStore|ARM.Deploy.0 = Release|Any CPU
		{3723D3D8-FA4D-4A87-BE0A-4E9B45521B20}.AppStore|iPhone.ActiveCfg = Release|Any CPU
		{3723D3D8-FA4D-4A87-BE0A-4E9B45521B20}.AppStore|iPhone.Build.0 = Release|Any CPU
		{3723D3D8-FA4D-4A87-BE0A-4E9B45521B20}.AppStore|iPhone.Deploy.0 = Release|Any CPU
		{3723D3D8-FA4D-4A87-BE0A-4E9B45521B20}.AppStore|iPhoneSimulator.ActiveCfg = Release|Any CPU
		{3723D3D8-FA4D-4A87-BE0A-4E9B45521B20}.AppStore|iPhoneSimulator.Build.0 = Release|Any CPU
		{3723D3D8-FA4D-4A87-BE0A-4E9B45521B20}.AppStore|iPhoneSimulator.Deploy.0 = Release|Any CPU
		{3723D3D8-FA4D-4A87-BE0A-4E9B45521B20}.AppStore|x64.ActiveCfg = Release|Any CPU
		{3723D3D8-FA4D-4A87-BE0A-4E9B45521B20}.AppStore|x64.Build.0 = Release|Any CPU
		{3723D3D8-FA4D-4A87-BE0A-4E9B45521B20}.AppStore|x64.Deploy.0 = Release|Any CPU
		{3723D3D8-FA4D-4A87-BE0A-4E9B45521B20}.AppStore|x86.ActiveCfg = Release|Any CPU
		{3723D3D8-FA4D-4A87-BE0A-4E9B45521B20}.AppStore|x86.Build.0 = Release|Any CPU
		{3723D3D8-FA4D-4A87-BE0A-4E9B45521B20}.AppStore|x86.Deploy.0 = Release|Any CPU
		{3723D3D8-FA4D-4A87-BE0A-4E9B45521B20}.Debug|Any CPU.ActiveCfg = Debug|Any CPU
		{3723D3D8-FA4D-4A87-BE0A-4E9B45521B20}.Debug|Any CPU.Build.0 = Debug|Any CPU
		{3723D3D8-FA4D-4A87-BE0A-4E9B45521B20}.Debug|Any CPU.Deploy.0 = Debug|Any CPU
		{3723D3D8-FA4D-4A87-BE0A-4E9B45521B20}.Debug|ARM.ActiveCfg = Debug|Any CPU
		{3723D3D8-FA4D-4A87-BE0A-4E9B45521B20}.Debug|ARM.Build.0 = Debug|Any CPU
		{3723D3D8-FA4D-4A87-BE0A-4E9B45521B20}.Debug|ARM.Deploy.0 = Debug|Any CPU
		{3723D3D8-FA4D-4A87-BE0A-4E9B45521B20}.Debug|iPhone.ActiveCfg = Debug|Any CPU
		{3723D3D8-FA4D-4A87-BE0A-4E9B45521B20}.Debug|iPhone.Build.0 = Debug|Any CPU
		{3723D3D8-FA4D-4A87-BE0A-4E9B45521B20}.Debug|iPhone.Deploy.0 = Debug|Any CPU
		{3723D3D8-FA4D-4A87-BE0A-4E9B45521B20}.Debug|iPhoneSimulator.ActiveCfg = Debug|Any CPU
		{3723D3D8-FA4D-4A87-BE0A-4E9B45521B20}.Debug|iPhoneSimulator.Build.0 = Debug|Any CPU
		{3723D3D8-FA4D-4A87-BE0A-4E9B45521B20}.Debug|iPhoneSimulator.Deploy.0 = Debug|Any CPU
		{3723D3D8-FA4D-4A87-BE0A-4E9B45521B20}.Debug|x64.ActiveCfg = Debug|Any CPU
		{3723D3D8-FA4D-4A87-BE0A-4E9B45521B20}.Debug|x64.Build.0 = Debug|Any CPU
		{3723D3D8-FA4D-4A87-BE0A-4E9B45521B20}.Debug|x64.Deploy.0 = Debug|Any CPU
		{3723D3D8-FA4D-4A87-BE0A-4E9B45521B20}.Debug|x86.ActiveCfg = Debug|Any CPU
		{3723D3D8-FA4D-4A87-BE0A-4E9B45521B20}.Debug|x86.Build.0 = Debug|Any CPU
		{3723D3D8-FA4D-4A87-BE0A-4E9B45521B20}.Debug|x86.Deploy.0 = Debug|Any CPU
		{3723D3D8-FA4D-4A87-BE0A-4E9B45521B20}.Release|Any CPU.ActiveCfg = Release|Any CPU
		{3723D3D8-FA4D-4A87-BE0A-4E9B45521B20}.Release|Any CPU.Build.0 = Release|Any CPU
		{3723D3D8-FA4D-4A87-BE0A-4E9B45521B20}.Release|Any CPU.Deploy.0 = Release|Any CPU
		{3723D3D8-FA4D-4A87-BE0A-4E9B45521B20}.Release|ARM.ActiveCfg = Release|Any CPU
		{3723D3D8-FA4D-4A87-BE0A-4E9B45521B20}.Release|ARM.Build.0 = Release|Any CPU
		{3723D3D8-FA4D-4A87-BE0A-4E9B45521B20}.Release|ARM.Deploy.0 = Release|Any CPU
		{3723D3D8-FA4D-4A87-BE0A-4E9B45521B20}.Release|iPhone.ActiveCfg = Release|Any CPU
		{3723D3D8-FA4D-4A87-BE0A-4E9B45521B20}.Release|iPhone.Build.0 = Release|Any CPU
		{3723D3D8-FA4D-4A87-BE0A-4E9B45521B20}.Release|iPhone.Deploy.0 = Release|Any CPU
		{3723D3D8-FA4D-4A87-BE0A-4E9B45521B20}.Release|iPhoneSimulator.ActiveCfg = Release|Any CPU
		{3723D3D8-FA4D-4A87-BE0A-4E9B45521B20}.Release|iPhoneSimulator.Build.0 = Release|Any CPU
		{3723D3D8-FA4D-4A87-BE0A-4E9B45521B20}.Release|iPhoneSimulator.Deploy.0 = Release|Any CPU
		{3723D3D8-FA4D-4A87-BE0A-4E9B45521B20}.Release|x64.ActiveCfg = Release|Any CPU
		{3723D3D8-FA4D-4A87-BE0A-4E9B45521B20}.Release|x64.Build.0 = Release|Any CPU
		{3723D3D8-FA4D-4A87-BE0A-4E9B45521B20}.Release|x64.Deploy.0 = Release|Any CPU
		{3723D3D8-FA4D-4A87-BE0A-4E9B45521B20}.Release|x86.ActiveCfg = Release|Any CPU
		{3723D3D8-FA4D-4A87-BE0A-4E9B45521B20}.Release|x86.Build.0 = Release|Any CPU
		{3723D3D8-FA4D-4A87-BE0A-4E9B45521B20}.Release|x86.Deploy.0 = Release|Any CPU
		{D264E0EC-F89F-4EE1-8016-0A6292F3D8DF}.Ad-Hoc|Any CPU.ActiveCfg = Ad-Hoc|iPhone
		{D264E0EC-F89F-4EE1-8016-0A6292F3D8DF}.Ad-Hoc|Any CPU.Build.0 = Ad-Hoc|iPhone
		{D264E0EC-F89F-4EE1-8016-0A6292F3D8DF}.Ad-Hoc|Any CPU.Deploy.0 = Ad-Hoc|iPhone
		{D264E0EC-F89F-4EE1-8016-0A6292F3D8DF}.Ad-Hoc|ARM.ActiveCfg = Ad-Hoc|iPhone
		{D264E0EC-F89F-4EE1-8016-0A6292F3D8DF}.Ad-Hoc|ARM.Build.0 = Ad-Hoc|iPhone
		{D264E0EC-F89F-4EE1-8016-0A6292F3D8DF}.Ad-Hoc|ARM.Deploy.0 = Ad-Hoc|iPhone
		{D264E0EC-F89F-4EE1-8016-0A6292F3D8DF}.Ad-Hoc|iPhone.ActiveCfg = Ad-Hoc|iPhone
		{D264E0EC-F89F-4EE1-8016-0A6292F3D8DF}.Ad-Hoc|iPhone.Build.0 = Ad-Hoc|iPhone
		{D264E0EC-F89F-4EE1-8016-0A6292F3D8DF}.Ad-Hoc|iPhone.Deploy.0 = Ad-Hoc|iPhone
		{D264E0EC-F89F-4EE1-8016-0A6292F3D8DF}.Ad-Hoc|iPhoneSimulator.ActiveCfg = Ad-Hoc|iPhoneSimulator
		{D264E0EC-F89F-4EE1-8016-0A6292F3D8DF}.Ad-Hoc|iPhoneSimulator.Build.0 = Ad-Hoc|iPhoneSimulator
		{D264E0EC-F89F-4EE1-8016-0A6292F3D8DF}.Ad-Hoc|iPhoneSimulator.Deploy.0 = Ad-Hoc|iPhoneSimulator
		{D264E0EC-F89F-4EE1-8016-0A6292F3D8DF}.Ad-Hoc|x64.ActiveCfg = Ad-Hoc|iPhone
		{D264E0EC-F89F-4EE1-8016-0A6292F3D8DF}.Ad-Hoc|x64.Build.0 = Ad-Hoc|iPhone
		{D264E0EC-F89F-4EE1-8016-0A6292F3D8DF}.Ad-Hoc|x64.Deploy.0 = Ad-Hoc|iPhone
		{D264E0EC-F89F-4EE1-8016-0A6292F3D8DF}.Ad-Hoc|x86.ActiveCfg = Ad-Hoc|iPhone
		{D264E0EC-F89F-4EE1-8016-0A6292F3D8DF}.Ad-Hoc|x86.Build.0 = Ad-Hoc|iPhone
		{D264E0EC-F89F-4EE1-8016-0A6292F3D8DF}.Ad-Hoc|x86.Deploy.0 = Ad-Hoc|iPhone
		{D264E0EC-F89F-4EE1-8016-0A6292F3D8DF}.AppStore|Any CPU.ActiveCfg = AppStore|iPhone
		{D264E0EC-F89F-4EE1-8016-0A6292F3D8DF}.AppStore|Any CPU.Build.0 = AppStore|iPhone
		{D264E0EC-F89F-4EE1-8016-0A6292F3D8DF}.AppStore|Any CPU.Deploy.0 = AppStore|iPhone
		{D264E0EC-F89F-4EE1-8016-0A6292F3D8DF}.AppStore|ARM.ActiveCfg = AppStore|iPhone
		{D264E0EC-F89F-4EE1-8016-0A6292F3D8DF}.AppStore|ARM.Build.0 = AppStore|iPhone
		{D264E0EC-F89F-4EE1-8016-0A6292F3D8DF}.AppStore|ARM.Deploy.0 = AppStore|iPhone
		{D264E0EC-F89F-4EE1-8016-0A6292F3D8DF}.AppStore|iPhone.ActiveCfg = AppStore|iPhone
		{D264E0EC-F89F-4EE1-8016-0A6292F3D8DF}.AppStore|iPhone.Build.0 = AppStore|iPhone
		{D264E0EC-F89F-4EE1-8016-0A6292F3D8DF}.AppStore|iPhone.Deploy.0 = AppStore|iPhone
		{D264E0EC-F89F-4EE1-8016-0A6292F3D8DF}.AppStore|iPhoneSimulator.ActiveCfg = AppStore|iPhoneSimulator
		{D264E0EC-F89F-4EE1-8016-0A6292F3D8DF}.AppStore|iPhoneSimulator.Build.0 = AppStore|iPhoneSimulator
		{D264E0EC-F89F-4EE1-8016-0A6292F3D8DF}.AppStore|iPhoneSimulator.Deploy.0 = AppStore|iPhoneSimulator
		{D264E0EC-F89F-4EE1-8016-0A6292F3D8DF}.AppStore|x64.ActiveCfg = AppStore|iPhone
		{D264E0EC-F89F-4EE1-8016-0A6292F3D8DF}.AppStore|x64.Build.0 = AppStore|iPhone
		{D264E0EC-F89F-4EE1-8016-0A6292F3D8DF}.AppStore|x64.Deploy.0 = AppStore|iPhone
		{D264E0EC-F89F-4EE1-8016-0A6292F3D8DF}.AppStore|x86.ActiveCfg = AppStore|iPhone
		{D264E0EC-F89F-4EE1-8016-0A6292F3D8DF}.AppStore|x86.Build.0 = AppStore|iPhone
		{D264E0EC-F89F-4EE1-8016-0A6292F3D8DF}.AppStore|x86.Deploy.0 = AppStore|iPhone
		{D264E0EC-F89F-4EE1-8016-0A6292F3D8DF}.Debug|Any CPU.ActiveCfg = Debug|iPhoneSimulator
		{D264E0EC-F89F-4EE1-8016-0A6292F3D8DF}.Debug|Any CPU.Build.0 = Debug|iPhoneSimulator
		{D264E0EC-F89F-4EE1-8016-0A6292F3D8DF}.Debug|Any CPU.Deploy.0 = Debug|iPhoneSimulator
		{D264E0EC-F89F-4EE1-8016-0A6292F3D8DF}.Debug|ARM.ActiveCfg = Debug|iPhone
		{D264E0EC-F89F-4EE1-8016-0A6292F3D8DF}.Debug|ARM.Build.0 = Debug|iPhone
		{D264E0EC-F89F-4EE1-8016-0A6292F3D8DF}.Debug|ARM.Deploy.0 = Debug|iPhone
		{D264E0EC-F89F-4EE1-8016-0A6292F3D8DF}.Debug|iPhone.ActiveCfg = Debug|iPhone
		{D264E0EC-F89F-4EE1-8016-0A6292F3D8DF}.Debug|iPhone.Build.0 = Debug|iPhone
		{D264E0EC-F89F-4EE1-8016-0A6292F3D8DF}.Debug|iPhone.Deploy.0 = Debug|iPhone
		{D264E0EC-F89F-4EE1-8016-0A6292F3D8DF}.Debug|iPhoneSimulator.ActiveCfg = Debug|iPhoneSimulator
		{D264E0EC-F89F-4EE1-8016-0A6292F3D8DF}.Debug|iPhoneSimulator.Build.0 = Debug|iPhoneSimulator
		{D264E0EC-F89F-4EE1-8016-0A6292F3D8DF}.Debug|iPhoneSimulator.Deploy.0 = Debug|iPhoneSimulator
		{D264E0EC-F89F-4EE1-8016-0A6292F3D8DF}.Debug|x64.ActiveCfg = Debug|iPhone
		{D264E0EC-F89F-4EE1-8016-0A6292F3D8DF}.Debug|x64.Build.0 = Debug|iPhone
		{D264E0EC-F89F-4EE1-8016-0A6292F3D8DF}.Debug|x64.Deploy.0 = Debug|iPhone
		{D264E0EC-F89F-4EE1-8016-0A6292F3D8DF}.Debug|x86.ActiveCfg = Debug|iPhone
		{D264E0EC-F89F-4EE1-8016-0A6292F3D8DF}.Debug|x86.Build.0 = Debug|iPhone
		{D264E0EC-F89F-4EE1-8016-0A6292F3D8DF}.Debug|x86.Deploy.0 = Debug|iPhone
		{D264E0EC-F89F-4EE1-8016-0A6292F3D8DF}.Release|Any CPU.ActiveCfg = Release|iPhone
		{D264E0EC-F89F-4EE1-8016-0A6292F3D8DF}.Release|Any CPU.Build.0 = Release|iPhone
		{D264E0EC-F89F-4EE1-8016-0A6292F3D8DF}.Release|Any CPU.Deploy.0 = Release|iPhone
		{D264E0EC-F89F-4EE1-8016-0A6292F3D8DF}.Release|ARM.ActiveCfg = Release|iPhone
		{D264E0EC-F89F-4EE1-8016-0A6292F3D8DF}.Release|ARM.Build.0 = Release|iPhone
		{D264E0EC-F89F-4EE1-8016-0A6292F3D8DF}.Release|ARM.Deploy.0 = Release|iPhone
		{D264E0EC-F89F-4EE1-8016-0A6292F3D8DF}.Release|iPhone.ActiveCfg = Release|iPhone
		{D264E0EC-F89F-4EE1-8016-0A6292F3D8DF}.Release|iPhone.Build.0 = Release|iPhone
		{D264E0EC-F89F-4EE1-8016-0A6292F3D8DF}.Release|iPhone.Deploy.0 = Release|iPhone
		{D264E0EC-F89F-4EE1-8016-0A6292F3D8DF}.Release|iPhoneSimulator.ActiveCfg = Release|iPhoneSimulator
		{D264E0EC-F89F-4EE1-8016-0A6292F3D8DF}.Release|iPhoneSimulator.Build.0 = Release|iPhoneSimulator
		{D264E0EC-F89F-4EE1-8016-0A6292F3D8DF}.Release|iPhoneSimulator.Deploy.0 = Release|iPhoneSimulator
		{D264E0EC-F89F-4EE1-8016-0A6292F3D8DF}.Release|x64.ActiveCfg = Release|iPhone
		{D264E0EC-F89F-4EE1-8016-0A6292F3D8DF}.Release|x64.Build.0 = Release|iPhone
		{D264E0EC-F89F-4EE1-8016-0A6292F3D8DF}.Release|x64.Deploy.0 = Release|iPhone
		{D264E0EC-F89F-4EE1-8016-0A6292F3D8DF}.Release|x86.ActiveCfg = Release|iPhone
		{D264E0EC-F89F-4EE1-8016-0A6292F3D8DF}.Release|x86.Build.0 = Release|iPhone
		{D264E0EC-F89F-4EE1-8016-0A6292F3D8DF}.Release|x86.Deploy.0 = Release|iPhone
		{9BB62960-0120-41B4-9E0A-090297276C78}.Ad-Hoc|Any CPU.ActiveCfg = Release|x86
		{9BB62960-0120-41B4-9E0A-090297276C78}.Ad-Hoc|Any CPU.Build.0 = Release|x86
		{9BB62960-0120-41B4-9E0A-090297276C78}.Ad-Hoc|Any CPU.Deploy.0 = Release|x86
		{9BB62960-0120-41B4-9E0A-090297276C78}.Ad-Hoc|ARM.ActiveCfg = Release|ARM
		{9BB62960-0120-41B4-9E0A-090297276C78}.Ad-Hoc|ARM.Build.0 = Release|ARM
		{9BB62960-0120-41B4-9E0A-090297276C78}.Ad-Hoc|ARM.Deploy.0 = Release|ARM
		{9BB62960-0120-41B4-9E0A-090297276C78}.Ad-Hoc|iPhone.ActiveCfg = Release|x86
		{9BB62960-0120-41B4-9E0A-090297276C78}.Ad-Hoc|iPhone.Build.0 = Release|x86
		{9BB62960-0120-41B4-9E0A-090297276C78}.Ad-Hoc|iPhone.Deploy.0 = Release|x86
		{9BB62960-0120-41B4-9E0A-090297276C78}.Ad-Hoc|iPhoneSimulator.ActiveCfg = Release|x86
		{9BB62960-0120-41B4-9E0A-090297276C78}.Ad-Hoc|iPhoneSimulator.Build.0 = Release|x86
		{9BB62960-0120-41B4-9E0A-090297276C78}.Ad-Hoc|iPhoneSimulator.Deploy.0 = Release|x86
		{9BB62960-0120-41B4-9E0A-090297276C78}.Ad-Hoc|x64.ActiveCfg = Release|x64
		{9BB62960-0120-41B4-9E0A-090297276C78}.Ad-Hoc|x64.Build.0 = Release|x64
		{9BB62960-0120-41B4-9E0A-090297276C78}.Ad-Hoc|x64.Deploy.0 = Release|x64
		{9BB62960-0120-41B4-9E0A-090297276C78}.Ad-Hoc|x86.ActiveCfg = Release|x86
		{9BB62960-0120-41B4-9E0A-090297276C78}.Ad-Hoc|x86.Build.0 = Release|x86
		{9BB62960-0120-41B4-9E0A-090297276C78}.Ad-Hoc|x86.Deploy.0 = Release|x86
		{9BB62960-0120-41B4-9E0A-090297276C78}.AppStore|Any CPU.ActiveCfg = Release|x86
		{9BB62960-0120-41B4-9E0A-090297276C78}.AppStore|Any CPU.Build.0 = Release|x86
		{9BB62960-0120-41B4-9E0A-090297276C78}.AppStore|Any CPU.Deploy.0 = Release|x86
		{9BB62960-0120-41B4-9E0A-090297276C78}.AppStore|ARM.ActiveCfg = Release|ARM
		{9BB62960-0120-41B4-9E0A-090297276C78}.AppStore|ARM.Build.0 = Release|ARM
		{9BB62960-0120-41B4-9E0A-090297276C78}.AppStore|ARM.Deploy.0 = Release|ARM
		{9BB62960-0120-41B4-9E0A-090297276C78}.AppStore|iPhone.ActiveCfg = Release|x86
		{9BB62960-0120-41B4-9E0A-090297276C78}.AppStore|iPhone.Build.0 = Release|x86
		{9BB62960-0120-41B4-9E0A-090297276C78}.AppStore|iPhone.Deploy.0 = Release|x86
		{9BB62960-0120-41B4-9E0A-090297276C78}.AppStore|iPhoneSimulator.ActiveCfg = Release|x86
		{9BB62960-0120-41B4-9E0A-090297276C78}.AppStore|iPhoneSimulator.Build.0 = Release|x86
		{9BB62960-0120-41B4-9E0A-090297276C78}.AppStore|iPhoneSimulator.Deploy.0 = Release|x86
		{9BB62960-0120-41B4-9E0A-090297276C78}.AppStore|x64.ActiveCfg = Release|x64
		{9BB62960-0120-41B4-9E0A-090297276C78}.AppStore|x64.Build.0 = Release|x64
		{9BB62960-0120-41B4-9E0A-090297276C78}.AppStore|x64.Deploy.0 = Release|x64
		{9BB62960-0120-41B4-9E0A-090297276C78}.AppStore|x86.ActiveCfg = Release|x86
		{9BB62960-0120-41B4-9E0A-090297276C78}.AppStore|x86.Build.0 = Release|x86
		{9BB62960-0120-41B4-9E0A-090297276C78}.AppStore|x86.Deploy.0 = Release|x86
		{9BB62960-0120-41B4-9E0A-090297276C78}.Debug|Any CPU.ActiveCfg = Debug|x86
		{9BB62960-0120-41B4-9E0A-090297276C78}.Debug|Any CPU.Build.0 = Debug|x86
		{9BB62960-0120-41B4-9E0A-090297276C78}.Debug|Any CPU.Deploy.0 = Debug|x86
		{9BB62960-0120-41B4-9E0A-090297276C78}.Debug|ARM.ActiveCfg = Debug|ARM
		{9BB62960-0120-41B4-9E0A-090297276C78}.Debug|ARM.Build.0 = Debug|ARM
		{9BB62960-0120-41B4-9E0A-090297276C78}.Debug|ARM.Deploy.0 = Debug|ARM
		{9BB62960-0120-41B4-9E0A-090297276C78}.Debug|iPhone.ActiveCfg = Debug|x86
		{9BB62960-0120-41B4-9E0A-090297276C78}.Debug|iPhone.Build.0 = Debug|x86
		{9BB62960-0120-41B4-9E0A-090297276C78}.Debug|iPhone.Deploy.0 = Debug|x86
		{9BB62960-0120-41B4-9E0A-090297276C78}.Debug|iPhoneSimulator.ActiveCfg = Debug|x86
		{9BB62960-0120-41B4-9E0A-090297276C78}.Debug|iPhoneSimulator.Build.0 = Debug|x86
		{9BB62960-0120-41B4-9E0A-090297276C78}.Debug|iPhoneSimulator.Deploy.0 = Debug|x86
		{9BB62960-0120-41B4-9E0A-090297276C78}.Debug|x64.ActiveCfg = Debug|x64
		{9BB62960-0120-41B4-9E0A-090297276C78}.Debug|x64.Build.0 = Debug|x64
		{9BB62960-0120-41B4-9E0A-090297276C78}.Debug|x64.Deploy.0 = Debug|x64
		{9BB62960-0120-41B4-9E0A-090297276C78}.Debug|x86.ActiveCfg = Debug|x86
		{9BB62960-0120-41B4-9E0A-090297276C78}.Debug|x86.Build.0 = Debug|x86
		{9BB62960-0120-41B4-9E0A-090297276C78}.Debug|x86.Deploy.0 = Debug|x86
		{9BB62960-0120-41B4-9E0A-090297276C78}.Release|Any CPU.ActiveCfg = Release|x86
		{9BB62960-0120-41B4-9E0A-090297276C78}.Release|Any CPU.Build.0 = Release|x86
		{9BB62960-0120-41B4-9E0A-090297276C78}.Release|Any CPU.Deploy.0 = Release|x86
		{9BB62960-0120-41B4-9E0A-090297276C78}.Release|ARM.ActiveCfg = Release|ARM
		{9BB62960-0120-41B4-9E0A-090297276C78}.Release|ARM.Build.0 = Release|ARM
		{9BB62960-0120-41B4-9E0A-090297276C78}.Release|ARM.Deploy.0 = Release|ARM
		{9BB62960-0120-41B4-9E0A-090297276C78}.Release|iPhone.ActiveCfg = Release|x86
		{9BB62960-0120-41B4-9E0A-090297276C78}.Release|iPhone.Build.0 = Release|x86
		{9BB62960-0120-41B4-9E0A-090297276C78}.Release|iPhone.Deploy.0 = Release|x86
		{9BB62960-0120-41B4-9E0A-090297276C78}.Release|iPhoneSimulator.ActiveCfg = Release|x86
		{9BB62960-0120-41B4-9E0A-090297276C78}.Release|iPhoneSimulator.Build.0 = Release|x86
		{9BB62960-0120-41B4-9E0A-090297276C78}.Release|iPhoneSimulator.Deploy.0 = Release|x86
		{9BB62960-0120-41B4-9E0A-090297276C78}.Release|x64.ActiveCfg = Release|x64
		{9BB62960-0120-41B4-9E0A-090297276C78}.Release|x64.Build.0 = Release|x64
		{9BB62960-0120-41B4-9E0A-090297276C78}.Release|x64.Deploy.0 = Release|x64
		{9BB62960-0120-41B4-9E0A-090297276C78}.Release|x86.ActiveCfg = Release|x86
		{9BB62960-0120-41B4-9E0A-090297276C78}.Release|x86.Build.0 = Release|x86
		{9BB62960-0120-41B4-9E0A-090297276C78}.Release|x86.Deploy.0 = Release|x86
		{037E9C59-42CB-45CC-B9B0-250050BAC787}.Ad-Hoc|Any CPU.ActiveCfg = Debug|Any CPU
		{037E9C59-42CB-45CC-B9B0-250050BAC787}.Ad-Hoc|Any CPU.Build.0 = Debug|Any CPU
		{037E9C59-42CB-45CC-B9B0-250050BAC787}.Ad-Hoc|ARM.ActiveCfg = Debug|Any CPU
		{037E9C59-42CB-45CC-B9B0-250050BAC787}.Ad-Hoc|ARM.Build.0 = Debug|Any CPU
		{037E9C59-42CB-45CC-B9B0-250050BAC787}.Ad-Hoc|iPhone.ActiveCfg = Debug|Any CPU
		{037E9C59-42CB-45CC-B9B0-250050BAC787}.Ad-Hoc|iPhone.Build.0 = Debug|Any CPU
		{037E9C59-42CB-45CC-B9B0-250050BAC787}.Ad-Hoc|iPhoneSimulator.ActiveCfg = Debug|Any CPU
		{037E9C59-42CB-45CC-B9B0-250050BAC787}.Ad-Hoc|iPhoneSimulator.Build.0 = Debug|Any CPU
		{037E9C59-42CB-45CC-B9B0-250050BAC787}.Ad-Hoc|x64.ActiveCfg = Debug|Any CPU
		{037E9C59-42CB-45CC-B9B0-250050BAC787}.Ad-Hoc|x64.Build.0 = Debug|Any CPU
		{037E9C59-42CB-45CC-B9B0-250050BAC787}.Ad-Hoc|x86.ActiveCfg = Debug|Any CPU
		{037E9C59-42CB-45CC-B9B0-250050BAC787}.Ad-Hoc|x86.Build.0 = Debug|Any CPU
		{037E9C59-42CB-45CC-B9B0-250050BAC787}.AppStore|Any CPU.ActiveCfg = Debug|Any CPU
		{037E9C59-42CB-45CC-B9B0-250050BAC787}.AppStore|Any CPU.Build.0 = Debug|Any CPU
		{037E9C59-42CB-45CC-B9B0-250050BAC787}.AppStore|ARM.ActiveCfg = Debug|Any CPU
		{037E9C59-42CB-45CC-B9B0-250050BAC787}.AppStore|ARM.Build.0 = Debug|Any CPU
		{037E9C59-42CB-45CC-B9B0-250050BAC787}.AppStore|iPhone.ActiveCfg = Debug|Any CPU
		{037E9C59-42CB-45CC-B9B0-250050BAC787}.AppStore|iPhone.Build.0 = Debug|Any CPU
		{037E9C59-42CB-45CC-B9B0-250050BAC787}.AppStore|iPhoneSimulator.ActiveCfg = Debug|Any CPU
		{037E9C59-42CB-45CC-B9B0-250050BAC787}.AppStore|iPhoneSimulator.Build.0 = Debug|Any CPU
		{037E9C59-42CB-45CC-B9B0-250050BAC787}.AppStore|x64.ActiveCfg = Debug|Any CPU
		{037E9C59-42CB-45CC-B9B0-250050BAC787}.AppStore|x64.Build.0 = Debug|Any CPU
		{037E9C59-42CB-45CC-B9B0-250050BAC787}.AppStore|x86.ActiveCfg = Debug|Any CPU
		{037E9C59-42CB-45CC-B9B0-250050BAC787}.AppStore|x86.Build.0 = Debug|Any CPU
		{037E9C59-42CB-45CC-B9B0-250050BAC787}.Debug|Any CPU.ActiveCfg = Debug|Any CPU
		{037E9C59-42CB-45CC-B9B0-250050BAC787}.Debug|Any CPU.Build.0 = Debug|Any CPU
		{037E9C59-42CB-45CC-B9B0-250050BAC787}.Debug|ARM.ActiveCfg = Debug|Any CPU
		{037E9C59-42CB-45CC-B9B0-250050BAC787}.Debug|ARM.Build.0 = Debug|Any CPU
		{037E9C59-42CB-45CC-B9B0-250050BAC787}.Debug|iPhone.ActiveCfg = Debug|Any CPU
		{037E9C59-42CB-45CC-B9B0-250050BAC787}.Debug|iPhone.Build.0 = Debug|Any CPU
		{037E9C59-42CB-45CC-B9B0-250050BAC787}.Debug|iPhoneSimulator.ActiveCfg = Debug|Any CPU
		{037E9C59-42CB-45CC-B9B0-250050BAC787}.Debug|iPhoneSimulator.Build.0 = Debug|Any CPU
		{037E9C59-42CB-45CC-B9B0-250050BAC787}.Debug|x64.ActiveCfg = Debug|Any CPU
		{037E9C59-42CB-45CC-B9B0-250050BAC787}.Debug|x64.Build.0 = Debug|Any CPU
		{037E9C59-42CB-45CC-B9B0-250050BAC787}.Debug|x86.ActiveCfg = Debug|Any CPU
		{037E9C59-42CB-45CC-B9B0-250050BAC787}.Debug|x86.Build.0 = Debug|Any CPU
		{037E9C59-42CB-45CC-B9B0-250050BAC787}.Release|Any CPU.ActiveCfg = Release|Any CPU
		{037E9C59-42CB-45CC-B9B0-250050BAC787}.Release|Any CPU.Build.0 = Release|Any CPU
		{037E9C59-42CB-45CC-B9B0-250050BAC787}.Release|ARM.ActiveCfg = Release|Any CPU
		{037E9C59-42CB-45CC-B9B0-250050BAC787}.Release|ARM.Build.0 = Release|Any CPU
		{037E9C59-42CB-45CC-B9B0-250050BAC787}.Release|iPhone.ActiveCfg = Release|Any CPU
		{037E9C59-42CB-45CC-B9B0-250050BAC787}.Release|iPhone.Build.0 = Release|Any CPU
		{037E9C59-42CB-45CC-B9B0-250050BAC787}.Release|iPhoneSimulator.ActiveCfg = Release|Any CPU
		{037E9C59-42CB-45CC-B9B0-250050BAC787}.Release|iPhoneSimulator.Build.0 = Release|Any CPU
		{037E9C59-42CB-45CC-B9B0-250050BAC787}.Release|x64.ActiveCfg = Release|Any CPU
		{037E9C59-42CB-45CC-B9B0-250050BAC787}.Release|x64.Build.0 = Release|Any CPU
		{037E9C59-42CB-45CC-B9B0-250050BAC787}.Release|x86.ActiveCfg = Release|Any CPU
		{037E9C59-42CB-45CC-B9B0-250050BAC787}.Release|x86.Build.0 = Release|Any CPU
		{B94ED219-8485-4F09-B5F1-784710D8C137}.Ad-Hoc|Any CPU.ActiveCfg = Debug|Any CPU
		{B94ED219-8485-4F09-B5F1-784710D8C137}.Ad-Hoc|Any CPU.Build.0 = Debug|Any CPU
		{B94ED219-8485-4F09-B5F1-784710D8C137}.Ad-Hoc|ARM.ActiveCfg = Debug|Any CPU
		{B94ED219-8485-4F09-B5F1-784710D8C137}.Ad-Hoc|ARM.Build.0 = Debug|Any CPU
		{B94ED219-8485-4F09-B5F1-784710D8C137}.Ad-Hoc|iPhone.ActiveCfg = Debug|Any CPU
		{B94ED219-8485-4F09-B5F1-784710D8C137}.Ad-Hoc|iPhone.Build.0 = Debug|Any CPU
		{B94ED219-8485-4F09-B5F1-784710D8C137}.Ad-Hoc|iPhoneSimulator.ActiveCfg = Debug|Any CPU
		{B94ED219-8485-4F09-B5F1-784710D8C137}.Ad-Hoc|iPhoneSimulator.Build.0 = Debug|Any CPU
		{B94ED219-8485-4F09-B5F1-784710D8C137}.Ad-Hoc|x64.ActiveCfg = Debug|Any CPU
		{B94ED219-8485-4F09-B5F1-784710D8C137}.Ad-Hoc|x64.Build.0 = Debug|Any CPU
		{B94ED219-8485-4F09-B5F1-784710D8C137}.Ad-Hoc|x86.ActiveCfg = Debug|Any CPU
		{B94ED219-8485-4F09-B5F1-784710D8C137}.Ad-Hoc|x86.Build.0 = Debug|Any CPU
		{B94ED219-8485-4F09-B5F1-784710D8C137}.AppStore|Any CPU.ActiveCfg = Debug|Any CPU
		{B94ED219-8485-4F09-B5F1-784710D8C137}.AppStore|Any CPU.Build.0 = Debug|Any CPU
		{B94ED219-8485-4F09-B5F1-784710D8C137}.AppStore|ARM.ActiveCfg = Debug|Any CPU
		{B94ED219-8485-4F09-B5F1-784710D8C137}.AppStore|ARM.Build.0 = Debug|Any CPU
		{B94ED219-8485-4F09-B5F1-784710D8C137}.AppStore|iPhone.ActiveCfg = Debug|Any CPU
		{B94ED219-8485-4F09-B5F1-784710D8C137}.AppStore|iPhone.Build.0 = Debug|Any CPU
		{B94ED219-8485-4F09-B5F1-784710D8C137}.AppStore|iPhoneSimulator.ActiveCfg = Debug|Any CPU
		{B94ED219-8485-4F09-B5F1-784710D8C137}.AppStore|iPhoneSimulator.Build.0 = Debug|Any CPU
		{B94ED219-8485-4F09-B5F1-784710D8C137}.AppStore|x64.ActiveCfg = Debug|Any CPU
		{B94ED219-8485-4F09-B5F1-784710D8C137}.AppStore|x64.Build.0 = Debug|Any CPU
		{B94ED219-8485-4F09-B5F1-784710D8C137}.AppStore|x86.ActiveCfg = Debug|Any CPU
		{B94ED219-8485-4F09-B5F1-784710D8C137}.AppStore|x86.Build.0 = Debug|Any CPU
		{B94ED219-8485-4F09-B5F1-784710D8C137}.Debug|Any CPU.ActiveCfg = Debug|Any CPU
		{B94ED219-8485-4F09-B5F1-784710D8C137}.Debug|Any CPU.Build.0 = Debug|Any CPU
		{B94ED219-8485-4F09-B5F1-784710D8C137}.Debug|ARM.ActiveCfg = Debug|Any CPU
		{B94ED219-8485-4F09-B5F1-784710D8C137}.Debug|ARM.Build.0 = Debug|Any CPU
		{B94ED219-8485-4F09-B5F1-784710D8C137}.Debug|iPhone.ActiveCfg = Debug|Any CPU
		{B94ED219-8485-4F09-B5F1-784710D8C137}.Debug|iPhone.Build.0 = Debug|Any CPU
		{B94ED219-8485-4F09-B5F1-784710D8C137}.Debug|iPhoneSimulator.ActiveCfg = Debug|Any CPU
		{B94ED219-8485-4F09-B5F1-784710D8C137}.Debug|iPhoneSimulator.Build.0 = Debug|Any CPU
		{B94ED219-8485-4F09-B5F1-784710D8C137}.Debug|x64.ActiveCfg = Debug|Any CPU
		{B94ED219-8485-4F09-B5F1-784710D8C137}.Debug|x64.Build.0 = Debug|Any CPU
		{B94ED219-8485-4F09-B5F1-784710D8C137}.Debug|x86.ActiveCfg = Debug|Any CPU
		{B94ED219-8485-4F09-B5F1-784710D8C137}.Debug|x86.Build.0 = Debug|Any CPU
		{B94ED219-8485-4F09-B5F1-784710D8C137}.Release|Any CPU.ActiveCfg = Release|Any CPU
		{B94ED219-8485-4F09-B5F1-784710D8C137}.Release|Any CPU.Build.0 = Release|Any CPU
		{B94ED219-8485-4F09-B5F1-784710D8C137}.Release|ARM.ActiveCfg = Release|Any CPU
		{B94ED219-8485-4F09-B5F1-784710D8C137}.Release|ARM.Build.0 = Release|Any CPU
		{B94ED219-8485-4F09-B5F1-784710D8C137}.Release|iPhone.ActiveCfg = Release|Any CPU
		{B94ED219-8485-4F09-B5F1-784710D8C137}.Release|iPhone.Build.0 = Release|Any CPU
		{B94ED219-8485-4F09-B5F1-784710D8C137}.Release|iPhoneSimulator.ActiveCfg = Release|Any CPU
		{B94ED219-8485-4F09-B5F1-784710D8C137}.Release|iPhoneSimulator.Build.0 = Release|Any CPU
		{B94ED219-8485-4F09-B5F1-784710D8C137}.Release|x64.ActiveCfg = Release|Any CPU
		{B94ED219-8485-4F09-B5F1-784710D8C137}.Release|x64.Build.0 = Release|Any CPU
		{B94ED219-8485-4F09-B5F1-784710D8C137}.Release|x86.ActiveCfg = Release|Any CPU
		{B94ED219-8485-4F09-B5F1-784710D8C137}.Release|x86.Build.0 = Release|Any CPU
		{8D0C677E-4607-45AD-B872-CE4BB73E3C55}.Ad-Hoc|Any CPU.ActiveCfg = Debug|Any CPU
		{8D0C677E-4607-45AD-B872-CE4BB73E3C55}.Ad-Hoc|Any CPU.Build.0 = Debug|Any CPU
		{8D0C677E-4607-45AD-B872-CE4BB73E3C55}.Ad-Hoc|ARM.ActiveCfg = Debug|Any CPU
		{8D0C677E-4607-45AD-B872-CE4BB73E3C55}.Ad-Hoc|ARM.Build.0 = Debug|Any CPU
		{8D0C677E-4607-45AD-B872-CE4BB73E3C55}.Ad-Hoc|iPhone.ActiveCfg = Debug|Any CPU
		{8D0C677E-4607-45AD-B872-CE4BB73E3C55}.Ad-Hoc|iPhone.Build.0 = Debug|Any CPU
		{8D0C677E-4607-45AD-B872-CE4BB73E3C55}.Ad-Hoc|iPhoneSimulator.ActiveCfg = Debug|Any CPU
		{8D0C677E-4607-45AD-B872-CE4BB73E3C55}.Ad-Hoc|iPhoneSimulator.Build.0 = Debug|Any CPU
		{8D0C677E-4607-45AD-B872-CE4BB73E3C55}.Ad-Hoc|x64.ActiveCfg = Debug|Any CPU
		{8D0C677E-4607-45AD-B872-CE4BB73E3C55}.Ad-Hoc|x64.Build.0 = Debug|Any CPU
		{8D0C677E-4607-45AD-B872-CE4BB73E3C55}.Ad-Hoc|x86.ActiveCfg = Debug|Any CPU
		{8D0C677E-4607-45AD-B872-CE4BB73E3C55}.Ad-Hoc|x86.Build.0 = Debug|Any CPU
		{8D0C677E-4607-45AD-B872-CE4BB73E3C55}.AppStore|Any CPU.ActiveCfg = Debug|Any CPU
		{8D0C677E-4607-45AD-B872-CE4BB73E3C55}.AppStore|Any CPU.Build.0 = Debug|Any CPU
		{8D0C677E-4607-45AD-B872-CE4BB73E3C55}.AppStore|ARM.ActiveCfg = Debug|Any CPU
		{8D0C677E-4607-45AD-B872-CE4BB73E3C55}.AppStore|ARM.Build.0 = Debug|Any CPU
		{8D0C677E-4607-45AD-B872-CE4BB73E3C55}.AppStore|iPhone.ActiveCfg = Debug|Any CPU
		{8D0C677E-4607-45AD-B872-CE4BB73E3C55}.AppStore|iPhone.Build.0 = Debug|Any CPU
		{8D0C677E-4607-45AD-B872-CE4BB73E3C55}.AppStore|iPhoneSimulator.ActiveCfg = Debug|Any CPU
		{8D0C677E-4607-45AD-B872-CE4BB73E3C55}.AppStore|iPhoneSimulator.Build.0 = Debug|Any CPU
		{8D0C677E-4607-45AD-B872-CE4BB73E3C55}.AppStore|x64.ActiveCfg = Debug|Any CPU
		{8D0C677E-4607-45AD-B872-CE4BB73E3C55}.AppStore|x64.Build.0 = Debug|Any CPU
		{8D0C677E-4607-45AD-B872-CE4BB73E3C55}.AppStore|x86.ActiveCfg = Debug|Any CPU
		{8D0C677E-4607-45AD-B872-CE4BB73E3C55}.AppStore|x86.Build.0 = Debug|Any CPU
		{8D0C677E-4607-45AD-B872-CE4BB73E3C55}.Debug|Any CPU.ActiveCfg = Debug|Any CPU
		{8D0C677E-4607-45AD-B872-CE4BB73E3C55}.Debug|Any CPU.Build.0 = Debug|Any CPU
		{8D0C677E-4607-45AD-B872-CE4BB73E3C55}.Debug|ARM.ActiveCfg = Debug|Any CPU
		{8D0C677E-4607-45AD-B872-CE4BB73E3C55}.Debug|ARM.Build.0 = Debug|Any CPU
		{8D0C677E-4607-45AD-B872-CE4BB73E3C55}.Debug|iPhone.ActiveCfg = Debug|Any CPU
		{8D0C677E-4607-45AD-B872-CE4BB73E3C55}.Debug|iPhone.Build.0 = Debug|Any CPU
		{8D0C677E-4607-45AD-B872-CE4BB73E3C55}.Debug|iPhoneSimulator.ActiveCfg = Debug|Any CPU
		{8D0C677E-4607-45AD-B872-CE4BB73E3C55}.Debug|iPhoneSimulator.Build.0 = Debug|Any CPU
		{8D0C677E-4607-45AD-B872-CE4BB73E3C55}.Debug|x64.ActiveCfg = Debug|Any CPU
		{8D0C677E-4607-45AD-B872-CE4BB73E3C55}.Debug|x64.Build.0 = Debug|Any CPU
		{8D0C677E-4607-45AD-B872-CE4BB73E3C55}.Debug|x86.ActiveCfg = Debug|Any CPU
		{8D0C677E-4607-45AD-B872-CE4BB73E3C55}.Debug|x86.Build.0 = Debug|Any CPU
		{8D0C677E-4607-45AD-B872-CE4BB73E3C55}.Release|Any CPU.ActiveCfg = Release|Any CPU
		{8D0C677E-4607-45AD-B872-CE4BB73E3C55}.Release|Any CPU.Build.0 = Release|Any CPU
		{8D0C677E-4607-45AD-B872-CE4BB73E3C55}.Release|ARM.ActiveCfg = Release|Any CPU
		{8D0C677E-4607-45AD-B872-CE4BB73E3C55}.Release|ARM.Build.0 = Release|Any CPU
		{8D0C677E-4607-45AD-B872-CE4BB73E3C55}.Release|iPhone.ActiveCfg = Release|Any CPU
		{8D0C677E-4607-45AD-B872-CE4BB73E3C55}.Release|iPhone.Build.0 = Release|Any CPU
		{8D0C677E-4607-45AD-B872-CE4BB73E3C55}.Release|iPhoneSimulator.ActiveCfg = Release|Any CPU
		{8D0C677E-4607-45AD-B872-CE4BB73E3C55}.Release|iPhoneSimulator.Build.0 = Release|Any CPU
		{8D0C677E-4607-45AD-B872-CE4BB73E3C55}.Release|x64.ActiveCfg = Release|Any CPU
		{8D0C677E-4607-45AD-B872-CE4BB73E3C55}.Release|x64.Build.0 = Release|Any CPU
		{8D0C677E-4607-45AD-B872-CE4BB73E3C55}.Release|x86.ActiveCfg = Release|Any CPU
		{8D0C677E-4607-45AD-B872-CE4BB73E3C55}.Release|x86.Build.0 = Release|Any CPU
		{A73FFBD5-A715-414C-AF46-DB37E610546C}.Ad-Hoc|Any CPU.ActiveCfg = Debug|Any CPU
		{A73FFBD5-A715-414C-AF46-DB37E610546C}.Ad-Hoc|Any CPU.Build.0 = Debug|Any CPU
		{A73FFBD5-A715-414C-AF46-DB37E610546C}.Ad-Hoc|ARM.ActiveCfg = Debug|Any CPU
		{A73FFBD5-A715-414C-AF46-DB37E610546C}.Ad-Hoc|ARM.Build.0 = Debug|Any CPU
		{A73FFBD5-A715-414C-AF46-DB37E610546C}.Ad-Hoc|iPhone.ActiveCfg = Debug|Any CPU
		{A73FFBD5-A715-414C-AF46-DB37E610546C}.Ad-Hoc|iPhone.Build.0 = Debug|Any CPU
		{A73FFBD5-A715-414C-AF46-DB37E610546C}.Ad-Hoc|iPhoneSimulator.ActiveCfg = Debug|Any CPU
		{A73FFBD5-A715-414C-AF46-DB37E610546C}.Ad-Hoc|iPhoneSimulator.Build.0 = Debug|Any CPU
		{A73FFBD5-A715-414C-AF46-DB37E610546C}.Ad-Hoc|x64.ActiveCfg = Debug|Any CPU
		{A73FFBD5-A715-414C-AF46-DB37E610546C}.Ad-Hoc|x64.Build.0 = Debug|Any CPU
		{A73FFBD5-A715-414C-AF46-DB37E610546C}.Ad-Hoc|x86.ActiveCfg = Debug|Any CPU
		{A73FFBD5-A715-414C-AF46-DB37E610546C}.Ad-Hoc|x86.Build.0 = Debug|Any CPU
		{A73FFBD5-A715-414C-AF46-DB37E610546C}.AppStore|Any CPU.ActiveCfg = Debug|Any CPU
		{A73FFBD5-A715-414C-AF46-DB37E610546C}.AppStore|Any CPU.Build.0 = Debug|Any CPU
		{A73FFBD5-A715-414C-AF46-DB37E610546C}.AppStore|ARM.ActiveCfg = Debug|Any CPU
		{A73FFBD5-A715-414C-AF46-DB37E610546C}.AppStore|ARM.Build.0 = Debug|Any CPU
		{A73FFBD5-A715-414C-AF46-DB37E610546C}.AppStore|iPhone.ActiveCfg = Debug|Any CPU
		{A73FFBD5-A715-414C-AF46-DB37E610546C}.AppStore|iPhone.Build.0 = Debug|Any CPU
		{A73FFBD5-A715-414C-AF46-DB37E610546C}.AppStore|iPhoneSimulator.ActiveCfg = Debug|Any CPU
		{A73FFBD5-A715-414C-AF46-DB37E610546C}.AppStore|iPhoneSimulator.Build.0 = Debug|Any CPU
		{A73FFBD5-A715-414C-AF46-DB37E610546C}.AppStore|x64.ActiveCfg = Debug|Any CPU
		{A73FFBD5-A715-414C-AF46-DB37E610546C}.AppStore|x64.Build.0 = Debug|Any CPU
		{A73FFBD5-A715-414C-AF46-DB37E610546C}.AppStore|x86.ActiveCfg = Debug|Any CPU
		{A73FFBD5-A715-414C-AF46-DB37E610546C}.AppStore|x86.Build.0 = Debug|Any CPU
		{A73FFBD5-A715-414C-AF46-DB37E610546C}.Debug|Any CPU.ActiveCfg = Debug|Any CPU
		{A73FFBD5-A715-414C-AF46-DB37E610546C}.Debug|Any CPU.Build.0 = Debug|Any CPU
		{A73FFBD5-A715-414C-AF46-DB37E610546C}.Debug|ARM.ActiveCfg = Debug|Any CPU
		{A73FFBD5-A715-414C-AF46-DB37E610546C}.Debug|ARM.Build.0 = Debug|Any CPU
		{A73FFBD5-A715-414C-AF46-DB37E610546C}.Debug|iPhone.ActiveCfg = Debug|Any CPU
		{A73FFBD5-A715-414C-AF46-DB37E610546C}.Debug|iPhone.Build.0 = Debug|Any CPU
		{A73FFBD5-A715-414C-AF46-DB37E610546C}.Debug|iPhoneSimulator.ActiveCfg = Debug|Any CPU
		{A73FFBD5-A715-414C-AF46-DB37E610546C}.Debug|iPhoneSimulator.Build.0 = Debug|Any CPU
		{A73FFBD5-A715-414C-AF46-DB37E610546C}.Debug|x64.ActiveCfg = Debug|Any CPU
		{A73FFBD5-A715-414C-AF46-DB37E610546C}.Debug|x64.Build.0 = Debug|Any CPU
		{A73FFBD5-A715-414C-AF46-DB37E610546C}.Debug|x86.ActiveCfg = Debug|Any CPU
		{A73FFBD5-A715-414C-AF46-DB37E610546C}.Debug|x86.Build.0 = Debug|Any CPU
		{A73FFBD5-A715-414C-AF46-DB37E610546C}.Release|Any CPU.ActiveCfg = Release|Any CPU
		{A73FFBD5-A715-414C-AF46-DB37E610546C}.Release|Any CPU.Build.0 = Release|Any CPU
		{A73FFBD5-A715-414C-AF46-DB37E610546C}.Release|ARM.ActiveCfg = Release|Any CPU
		{A73FFBD5-A715-414C-AF46-DB37E610546C}.Release|ARM.Build.0 = Release|Any CPU
		{A73FFBD5-A715-414C-AF46-DB37E610546C}.Release|iPhone.ActiveCfg = Release|Any CPU
		{A73FFBD5-A715-414C-AF46-DB37E610546C}.Release|iPhone.Build.0 = Release|Any CPU
		{A73FFBD5-A715-414C-AF46-DB37E610546C}.Release|iPhoneSimulator.ActiveCfg = Release|Any CPU
		{A73FFBD5-A715-414C-AF46-DB37E610546C}.Release|iPhoneSimulator.Build.0 = Release|Any CPU
		{A73FFBD5-A715-414C-AF46-DB37E610546C}.Release|x64.ActiveCfg = Release|Any CPU
		{A73FFBD5-A715-414C-AF46-DB37E610546C}.Release|x64.Build.0 = Release|Any CPU
		{A73FFBD5-A715-414C-AF46-DB37E610546C}.Release|x86.ActiveCfg = Release|Any CPU
		{A73FFBD5-A715-414C-AF46-DB37E610546C}.Release|x86.Build.0 = Release|Any CPU
		{7B6034FA-A9C6-4978-B0D7-4AE3E1F956CB}.Ad-Hoc|Any CPU.ActiveCfg = Release|Any CPU
		{7B6034FA-A9C6-4978-B0D7-4AE3E1F956CB}.Ad-Hoc|Any CPU.Build.0 = Release|Any CPU
		{7B6034FA-A9C6-4978-B0D7-4AE3E1F956CB}.Ad-Hoc|ARM.ActiveCfg = Release|Any CPU
		{7B6034FA-A9C6-4978-B0D7-4AE3E1F956CB}.Ad-Hoc|ARM.Build.0 = Release|Any CPU
		{7B6034FA-A9C6-4978-B0D7-4AE3E1F956CB}.Ad-Hoc|iPhone.ActiveCfg = Release|Any CPU
		{7B6034FA-A9C6-4978-B0D7-4AE3E1F956CB}.Ad-Hoc|iPhone.Build.0 = Release|Any CPU
		{7B6034FA-A9C6-4978-B0D7-4AE3E1F956CB}.Ad-Hoc|iPhoneSimulator.ActiveCfg = Release|Any CPU
		{7B6034FA-A9C6-4978-B0D7-4AE3E1F956CB}.Ad-Hoc|iPhoneSimulator.Build.0 = Release|Any CPU
		{7B6034FA-A9C6-4978-B0D7-4AE3E1F956CB}.Ad-Hoc|x64.ActiveCfg = Release|Any CPU
		{7B6034FA-A9C6-4978-B0D7-4AE3E1F956CB}.Ad-Hoc|x64.Build.0 = Release|Any CPU
		{7B6034FA-A9C6-4978-B0D7-4AE3E1F956CB}.Ad-Hoc|x86.ActiveCfg = Release|Any CPU
		{7B6034FA-A9C6-4978-B0D7-4AE3E1F956CB}.Ad-Hoc|x86.Build.0 = Release|Any CPU
		{7B6034FA-A9C6-4978-B0D7-4AE3E1F956CB}.AppStore|Any CPU.ActiveCfg = Release|Any CPU
		{7B6034FA-A9C6-4978-B0D7-4AE3E1F956CB}.AppStore|Any CPU.Build.0 = Release|Any CPU
		{7B6034FA-A9C6-4978-B0D7-4AE3E1F956CB}.AppStore|ARM.ActiveCfg = Release|Any CPU
		{7B6034FA-A9C6-4978-B0D7-4AE3E1F956CB}.AppStore|ARM.Build.0 = Release|Any CPU
		{7B6034FA-A9C6-4978-B0D7-4AE3E1F956CB}.AppStore|iPhone.ActiveCfg = Release|Any CPU
		{7B6034FA-A9C6-4978-B0D7-4AE3E1F956CB}.AppStore|iPhone.Build.0 = Release|Any CPU
		{7B6034FA-A9C6-4978-B0D7-4AE3E1F956CB}.AppStore|iPhoneSimulator.ActiveCfg = Release|Any CPU
		{7B6034FA-A9C6-4978-B0D7-4AE3E1F956CB}.AppStore|iPhoneSimulator.Build.0 = Release|Any CPU
		{7B6034FA-A9C6-4978-B0D7-4AE3E1F956CB}.AppStore|x64.ActiveCfg = Release|Any CPU
		{7B6034FA-A9C6-4978-B0D7-4AE3E1F956CB}.AppStore|x64.Build.0 = Release|Any CPU
		{7B6034FA-A9C6-4978-B0D7-4AE3E1F956CB}.AppStore|x86.ActiveCfg = Release|Any CPU
		{7B6034FA-A9C6-4978-B0D7-4AE3E1F956CB}.AppStore|x86.Build.0 = Release|Any CPU
		{7B6034FA-A9C6-4978-B0D7-4AE3E1F956CB}.Debug|Any CPU.ActiveCfg = Debug|Any CPU
		{7B6034FA-A9C6-4978-B0D7-4AE3E1F956CB}.Debug|Any CPU.Build.0 = Debug|Any CPU
		{7B6034FA-A9C6-4978-B0D7-4AE3E1F956CB}.Debug|ARM.ActiveCfg = Debug|Any CPU
		{7B6034FA-A9C6-4978-B0D7-4AE3E1F956CB}.Debug|ARM.Build.0 = Debug|Any CPU
		{7B6034FA-A9C6-4978-B0D7-4AE3E1F956CB}.Debug|iPhone.ActiveCfg = Debug|Any CPU
		{7B6034FA-A9C6-4978-B0D7-4AE3E1F956CB}.Debug|iPhone.Build.0 = Debug|Any CPU
		{7B6034FA-A9C6-4978-B0D7-4AE3E1F956CB}.Debug|iPhoneSimulator.ActiveCfg = Debug|Any CPU
		{7B6034FA-A9C6-4978-B0D7-4AE3E1F956CB}.Debug|iPhoneSimulator.Build.0 = Debug|Any CPU
		{7B6034FA-A9C6-4978-B0D7-4AE3E1F956CB}.Debug|x64.ActiveCfg = Debug|Any CPU
		{7B6034FA-A9C6-4978-B0D7-4AE3E1F956CB}.Debug|x64.Build.0 = Debug|Any CPU
		{7B6034FA-A9C6-4978-B0D7-4AE3E1F956CB}.Debug|x86.ActiveCfg = Debug|Any CPU
		{7B6034FA-A9C6-4978-B0D7-4AE3E1F956CB}.Debug|x86.Build.0 = Debug|Any CPU
		{7B6034FA-A9C6-4978-B0D7-4AE3E1F956CB}.Release|Any CPU.ActiveCfg = Release|Any CPU
		{7B6034FA-A9C6-4978-B0D7-4AE3E1F956CB}.Release|Any CPU.Build.0 = Release|Any CPU
		{7B6034FA-A9C6-4978-B0D7-4AE3E1F956CB}.Release|ARM.ActiveCfg = Release|Any CPU
		{7B6034FA-A9C6-4978-B0D7-4AE3E1F956CB}.Release|ARM.Build.0 = Release|Any CPU
		{7B6034FA-A9C6-4978-B0D7-4AE3E1F956CB}.Release|iPhone.ActiveCfg = Release|Any CPU
		{7B6034FA-A9C6-4978-B0D7-4AE3E1F956CB}.Release|iPhone.Build.0 = Release|Any CPU
		{7B6034FA-A9C6-4978-B0D7-4AE3E1F956CB}.Release|iPhoneSimulator.ActiveCfg = Release|Any CPU
		{7B6034FA-A9C6-4978-B0D7-4AE3E1F956CB}.Release|iPhoneSimulator.Build.0 = Release|Any CPU
		{7B6034FA-A9C6-4978-B0D7-4AE3E1F956CB}.Release|x64.ActiveCfg = Release|Any CPU
		{7B6034FA-A9C6-4978-B0D7-4AE3E1F956CB}.Release|x64.Build.0 = Release|Any CPU
		{7B6034FA-A9C6-4978-B0D7-4AE3E1F956CB}.Release|x86.ActiveCfg = Release|Any CPU
		{7B6034FA-A9C6-4978-B0D7-4AE3E1F956CB}.Release|x86.Build.0 = Release|Any CPU
		{4BC7D527-5D29-41C7-A40D-8C1A0F7B48EE}.Ad-Hoc|Any CPU.ActiveCfg = Release|Any CPU
		{4BC7D527-5D29-41C7-A40D-8C1A0F7B48EE}.Ad-Hoc|Any CPU.Build.0 = Release|Any CPU
		{4BC7D527-5D29-41C7-A40D-8C1A0F7B48EE}.Ad-Hoc|ARM.ActiveCfg = Release|Any CPU
		{4BC7D527-5D29-41C7-A40D-8C1A0F7B48EE}.Ad-Hoc|ARM.Build.0 = Release|Any CPU
		{4BC7D527-5D29-41C7-A40D-8C1A0F7B48EE}.Ad-Hoc|iPhone.ActiveCfg = Release|Any CPU
		{4BC7D527-5D29-41C7-A40D-8C1A0F7B48EE}.Ad-Hoc|iPhone.Build.0 = Release|Any CPU
		{4BC7D527-5D29-41C7-A40D-8C1A0F7B48EE}.Ad-Hoc|iPhoneSimulator.ActiveCfg = Release|Any CPU
		{4BC7D527-5D29-41C7-A40D-8C1A0F7B48EE}.Ad-Hoc|iPhoneSimulator.Build.0 = Release|Any CPU
		{4BC7D527-5D29-41C7-A40D-8C1A0F7B48EE}.Ad-Hoc|x64.ActiveCfg = Release|Any CPU
		{4BC7D527-5D29-41C7-A40D-8C1A0F7B48EE}.Ad-Hoc|x64.Build.0 = Release|Any CPU
		{4BC7D527-5D29-41C7-A40D-8C1A0F7B48EE}.Ad-Hoc|x86.ActiveCfg = Release|Any CPU
		{4BC7D527-5D29-41C7-A40D-8C1A0F7B48EE}.Ad-Hoc|x86.Build.0 = Release|Any CPU
		{4BC7D527-5D29-41C7-A40D-8C1A0F7B48EE}.AppStore|Any CPU.ActiveCfg = Release|Any CPU
		{4BC7D527-5D29-41C7-A40D-8C1A0F7B48EE}.AppStore|Any CPU.Build.0 = Release|Any CPU
		{4BC7D527-5D29-41C7-A40D-8C1A0F7B48EE}.AppStore|ARM.ActiveCfg = Release|Any CPU
		{4BC7D527-5D29-41C7-A40D-8C1A0F7B48EE}.AppStore|ARM.Build.0 = Release|Any CPU
		{4BC7D527-5D29-41C7-A40D-8C1A0F7B48EE}.AppStore|iPhone.ActiveCfg = Release|Any CPU
		{4BC7D527-5D29-41C7-A40D-8C1A0F7B48EE}.AppStore|iPhone.Build.0 = Release|Any CPU
		{4BC7D527-5D29-41C7-A40D-8C1A0F7B48EE}.AppStore|iPhoneSimulator.ActiveCfg = Release|Any CPU
		{4BC7D527-5D29-41C7-A40D-8C1A0F7B48EE}.AppStore|iPhoneSimulator.Build.0 = Release|Any CPU
		{4BC7D527-5D29-41C7-A40D-8C1A0F7B48EE}.AppStore|x64.ActiveCfg = Release|Any CPU
		{4BC7D527-5D29-41C7-A40D-8C1A0F7B48EE}.AppStore|x64.Build.0 = Release|Any CPU
		{4BC7D527-5D29-41C7-A40D-8C1A0F7B48EE}.AppStore|x86.ActiveCfg = Release|Any CPU
		{4BC7D527-5D29-41C7-A40D-8C1A0F7B48EE}.AppStore|x86.Build.0 = Release|Any CPU
		{4BC7D527-5D29-41C7-A40D-8C1A0F7B48EE}.Debug|Any CPU.ActiveCfg = Debug|Any CPU
		{4BC7D527-5D29-41C7-A40D-8C1A0F7B48EE}.Debug|Any CPU.Build.0 = Debug|Any CPU
		{4BC7D527-5D29-41C7-A40D-8C1A0F7B48EE}.Debug|ARM.ActiveCfg = Debug|Any CPU
		{4BC7D527-5D29-41C7-A40D-8C1A0F7B48EE}.Debug|ARM.Build.0 = Debug|Any CPU
		{4BC7D527-5D29-41C7-A40D-8C1A0F7B48EE}.Debug|iPhone.ActiveCfg = Debug|Any CPU
		{4BC7D527-5D29-41C7-A40D-8C1A0F7B48EE}.Debug|iPhone.Build.0 = Debug|Any CPU
		{4BC7D527-5D29-41C7-A40D-8C1A0F7B48EE}.Debug|iPhoneSimulator.ActiveCfg = Debug|Any CPU
		{4BC7D527-5D29-41C7-A40D-8C1A0F7B48EE}.Debug|iPhoneSimulator.Build.0 = Debug|Any CPU
		{4BC7D527-5D29-41C7-A40D-8C1A0F7B48EE}.Debug|x64.ActiveCfg = Debug|Any CPU
		{4BC7D527-5D29-41C7-A40D-8C1A0F7B48EE}.Debug|x64.Build.0 = Debug|Any CPU
		{4BC7D527-5D29-41C7-A40D-8C1A0F7B48EE}.Debug|x86.ActiveCfg = Debug|Any CPU
		{4BC7D527-5D29-41C7-A40D-8C1A0F7B48EE}.Debug|x86.Build.0 = Debug|Any CPU
		{4BC7D527-5D29-41C7-A40D-8C1A0F7B48EE}.Release|Any CPU.ActiveCfg = Release|Any CPU
		{4BC7D527-5D29-41C7-A40D-8C1A0F7B48EE}.Release|Any CPU.Build.0 = Release|Any CPU
		{4BC7D527-5D29-41C7-A40D-8C1A0F7B48EE}.Release|ARM.ActiveCfg = Release|Any CPU
		{4BC7D527-5D29-41C7-A40D-8C1A0F7B48EE}.Release|ARM.Build.0 = Release|Any CPU
		{4BC7D527-5D29-41C7-A40D-8C1A0F7B48EE}.Release|iPhone.ActiveCfg = Release|Any CPU
		{4BC7D527-5D29-41C7-A40D-8C1A0F7B48EE}.Release|iPhone.Build.0 = Release|Any CPU
		{4BC7D527-5D29-41C7-A40D-8C1A0F7B48EE}.Release|iPhoneSimulator.ActiveCfg = Release|Any CPU
		{4BC7D527-5D29-41C7-A40D-8C1A0F7B48EE}.Release|iPhoneSimulator.Build.0 = Release|Any CPU
		{4BC7D527-5D29-41C7-A40D-8C1A0F7B48EE}.Release|x64.ActiveCfg = Release|Any CPU
		{4BC7D527-5D29-41C7-A40D-8C1A0F7B48EE}.Release|x64.Build.0 = Release|Any CPU
		{4BC7D527-5D29-41C7-A40D-8C1A0F7B48EE}.Release|x86.ActiveCfg = Release|Any CPU
		{4BC7D527-5D29-41C7-A40D-8C1A0F7B48EE}.Release|x86.Build.0 = Release|Any CPU
	EndGlobalSection
	GlobalSection(SolutionProperties) = preSolution
		HideSolutionNode = FALSE
	EndGlobalSection
	GlobalSection(ExtensibilityGlobals) = postSolution
		SolutionGuid = {C4982822-A021-4A60-8600-75270258EE95}
	EndGlobalSection
EndGlobal
